// !$*UTF8*$!
{
	archiveVersion = 1;
	classes = {
	};
	objectVersion = 46;
	objects = {

/* Begin PBXBuildFile section */
		9B08FAA414EF5FCB00AE961D /* Recipe.m in Sources */ = {isa = PBXBuildFile; fileRef = 9B08FAA314EF5FCB00AE961D /* Recipe.m */; };
		9B08FAA714EF5FCB00AE961D /* Ingredient.m in Sources */ = {isa = PBXBuildFile; fileRef = 9B08FAA614EF5FCB00AE961D /* Ingredient.m */; };
		9B08FAAA14EF67B300AE961D /* CategoryRepositoryTests.m in Sources */ = {isa = PBXBuildFile; fileRef = 9B08FAA914EF67B300AE961D /* CategoryRepositoryTests.m */; };
		9B08FAB714F0D00500AE961D /* RecipeMapper.m in Sources */ = {isa = PBXBuildFile; fileRef = 9B08FAB414F0C0B400AE961D /* RecipeMapper.m */; };
		9B08FAB814F0D02B00AE961D /* EditRecipeViewModel.m in Sources */ = {isa = PBXBuildFile; fileRef = 9BFFAAF114DF1D0000E4F74C /* EditRecipeViewModel.m */; };
		9B08FAB914F0D02F00AE961D /* IngredientViewModel.m in Sources */ = {isa = PBXBuildFile; fileRef = 9BFFAAF414DF1EE500E4F74C /* IngredientViewModel.m */; };
		9B23179415CE19FC000CADFD /* ControllerFactory.m in Sources */ = {isa = PBXBuildFile; fileRef = 9B23179315CE19FC000CADFD /* ControllerFactory.m */; };
		9B23179515CE281F000CADFD /* RecipeListSearchController.m in Sources */ = {isa = PBXBuildFile; fileRef = 9B7D0CBE15CE160A0039F35F /* RecipeListSearchController.m */; };
		9B23179715CE3873000CADFD /* EditRecipeViewController.xib in Resources */ = {isa = PBXBuildFile; fileRef = 9B23179615CE3872000CADFD /* EditRecipeViewController.xib */; };
		9B23179A15CEBFCD000CADFD /* PreperationCell.m in Sources */ = {isa = PBXBuildFile; fileRef = 9B23179915CEBFCD000CADFD /* PreperationCell.m */; };
		9B385BC6151E40320021E716 /* EditRecipeTableController.m in Sources */ = {isa = PBXBuildFile; fileRef = 9B385BC5151E40320021E716 /* EditRecipeTableController.m */; };
		9B3BE06D151F9697005C146B /* CategoryListController.m in Sources */ = {isa = PBXBuildFile; fileRef = 9B3BE06C151F9697005C146B /* CategoryListController.m */; };
		9B3BE06F151FACBE005C146B /* CategoryListController.xib in Resources */ = {isa = PBXBuildFile; fileRef = 9B3BE06E151FACBE005C146B /* CategoryListController.xib */; };
		9B3BE073151FD040005C146B /* EditCategoryViewController.m in Sources */ = {isa = PBXBuildFile; fileRef = 9B3BE071151FD03F005C146B /* EditCategoryViewController.m */; };
		9B3BE074151FD040005C146B /* EditCategoryViewController.xib in Resources */ = {isa = PBXBuildFile; fileRef = 9B3BE072151FD03F005C146B /* EditCategoryViewController.xib */; };
		9B3BE15F15FD12780018D41E /* RecipeFileRepository.m in Sources */ = {isa = PBXBuildFile; fileRef = 9B3BE15E15FD12780018D41E /* RecipeFileRepository.m */; };
		9B3DB17815CDA62B0010C7EB /* RecipeViewModel.m in Sources */ = {isa = PBXBuildFile; fileRef = 9B3DB17715CDA62B0010C7EB /* RecipeViewModel.m */; };
		9B3DB17D15CDA8FB0010C7EB /* NSArray-Extensions.m in Sources */ = {isa = PBXBuildFile; fileRef = 9B3DB17A15CDA8FB0010C7EB /* NSArray-Extensions.m */; };
		9B3DB17E15CDA8FB0010C7EB /* NSString-Extensions.m in Sources */ = {isa = PBXBuildFile; fileRef = 9B3DB17C15CDA8FB0010C7EB /* NSString-Extensions.m */; };
		9B3E885F15CD9BAB000941ED /* bread.jpg in Resources */ = {isa = PBXBuildFile; fileRef = 9B3E884D15CD9BAB000941ED /* bread.jpg */; };
		9B3E886015CD9BAB000941ED /* categoryback.png in Resources */ = {isa = PBXBuildFile; fileRef = 9B3E884E15CD9BAB000941ED /* categoryback.png */; };
		9B3E886115CD9BAB000941ED /* categoryback@2x.png in Resources */ = {isa = PBXBuildFile; fileRef = 9B3E884F15CD9BAB000941ED /* categoryback@2x.png */; };
		9B3E886215CD9BAB000941ED /* clock.png in Resources */ = {isa = PBXBuildFile; fileRef = 9B3E885015CD9BAB000941ED /* clock.png */; };
		9B3E886315CD9BAB000941ED /* clock@2x.png in Resources */ = {isa = PBXBuildFile; fileRef = 9B3E885115CD9BAB000941ED /* clock@2x.png */; };
		9B3E886415CD9BAB000941ED /* editRecipeBackground.png in Resources */ = {isa = PBXBuildFile; fileRef = 9B3E885215CD9BAB000941ED /* editRecipeBackground.png */; };
		9B3E886515CD9BAB000941ED /* editRecipeBackground@2x.png in Resources */ = {isa = PBXBuildFile; fileRef = 9B3E885315CD9BAB000941ED /* editRecipeBackground@2x.png */; };
		9B3E886615CD9BAB000941ED /* navlandscape.png in Resources */ = {isa = PBXBuildFile; fileRef = 9B3E885415CD9BAB000941ED /* navlandscape.png */; };
		9B3E886715CD9BAB000941ED /* navlandscape@2x.png in Resources */ = {isa = PBXBuildFile; fileRef = 9B3E885515CD9BAB000941ED /* navlandscape@2x.png */; };
		9B3E886815CD9BAB000941ED /* navportrait.png in Resources */ = {isa = PBXBuildFile; fileRef = 9B3E885615CD9BAB000941ED /* navportrait.png */; };
		9B3E886915CD9BAB000941ED /* navportrait@2x.png in Resources */ = {isa = PBXBuildFile; fileRef = 9B3E885715CD9BAB000941ED /* navportrait@2x.png */; };
		9B3E886A15CD9BAB000941ED /* toolbar@2x.png in Resources */ = {isa = PBXBuildFile; fileRef = 9B3E885815CD9BAB000941ED /* toolbar@2x.png */; };
		9B3E886B15CD9BAB000941ED /* toolbarlandscape.png in Resources */ = {isa = PBXBuildFile; fileRef = 9B3E885915CD9BAB000941ED /* toolbarlandscape.png */; };
		9B3E886C15CD9BAB000941ED /* toolbarlandscape@2x.png in Resources */ = {isa = PBXBuildFile; fileRef = 9B3E885A15CD9BAB000941ED /* toolbarlandscape@2x.png */; };
		9B3E886D15CD9BAB000941ED /* toolbarportrait.png in Resources */ = {isa = PBXBuildFile; fileRef = 9B3E885B15CD9BAB000941ED /* toolbarportrait.png */; };
		9B3E886E15CD9BAB000941ED /* toolbarportrait@2x.png in Resources */ = {isa = PBXBuildFile; fileRef = 9B3E885C15CD9BAB000941ED /* toolbarportrait@2x.png */; };
		9B3E886F15CD9BAB000941ED /* UIRemoveControlPlus.png in Resources */ = {isa = PBXBuildFile; fileRef = 9B3E885D15CD9BAB000941ED /* UIRemoveControlPlus.png */; };
		9B3E887015CD9BAB000941ED /* UIRemoveControlPlus@2x.png in Resources */ = {isa = PBXBuildFile; fileRef = 9B3E885E15CD9BAB000941ED /* UIRemoveControlPlus@2x.png */; };
		9B3E887215CDA0E6000941ED /* TouchableTableView.m in Sources */ = {isa = PBXBuildFile; fileRef = 9B3E887115CDA0E6000941ED /* TouchableTableView.m */; };
		9B3E888A15D09758000941ED /* PhotoPicker.m in Sources */ = {isa = PBXBuildFile; fileRef = 9B3E888915D09758000941ED /* PhotoPicker.m */; };
		9B3E888E15D0B5C5000941ED /* ImageViewController.m in Sources */ = {isa = PBXBuildFile; fileRef = 9B3E888C15D0B5C4000941ED /* ImageViewController.m */; };
		9B3E888F15D0B5C5000941ED /* ImageViewController.xib in Resources */ = {isa = PBXBuildFile; fileRef = 9B3E888D15D0B5C5000941ED /* ImageViewController.xib */; };
		9B45B72F154F85D800BFA61E /* appicon.png in Resources */ = {isa = PBXBuildFile; fileRef = 9B45B72E154F85D800BFA61E /* appicon.png */; };
		9B45B731154F85DD00BFA61E /* appicon@2x.png in Resources */ = {isa = PBXBuildFile; fileRef = 9B45B730154F85DD00BFA61E /* appicon@2x.png */; };
		9B46BEC814F4721000A5827B /* UINavigationControllerSkinned.xib in Resources */ = {isa = PBXBuildFile; fileRef = 9B46BEC714F4720F00A5827B /* UINavigationControllerSkinned.xib */; };
		9B46BECB14F4745000A5827B /* UINavigationBarSkinned.m in Sources */ = {isa = PBXBuildFile; fileRef = 9B46BECA14F4745000A5827B /* UINavigationBarSkinned.m */; };
		9B71025014F73E71003871E4 /* CategoryCell.m in Sources */ = {isa = PBXBuildFile; fileRef = 9B71024E14F73E71003871E4 /* CategoryCell.m */; };
		9B71025114F73E71003871E4 /* CategoryCell.xib in Resources */ = {isa = PBXBuildFile; fileRef = 9B71024F14F73E71003871E4 /* CategoryCell.xib */; };
		9B7D0CAB15CDD51B0039F35F /* Container.m in Sources */ = {isa = PBXBuildFile; fileRef = 9B7D0CAA15CDD51A0039F35F /* Container.m */; };
		9B7D0CAD15CDD6350039F35F /* RecipeCategory.m in Sources */ = {isa = PBXBuildFile; fileRef = 9B7D0CAC15CDD6350039F35F /* RecipeCategory.m */; };
		9B7D0CB015CDDC990039F35F /* RecipeCategoryView.m in Sources */ = {isa = PBXBuildFile; fileRef = 9B7D0CAF15CDDC990039F35F /* RecipeCategoryView.m */; };
		9B7D0CB315CDE9770039F35F /* IngredientCell.m in Sources */ = {isa = PBXBuildFile; fileRef = 9B7D0CB215CDE9760039F35F /* IngredientCell.m */; };
		9B7D0CB515CDE98A0039F35F /* IngredientCell.xib in Resources */ = {isa = PBXBuildFile; fileRef = 9B7D0CB415CDE98A0039F35F /* IngredientCell.xib */; };
		9B7D0CB815CE0EB70039F35F /* RecipeListViewModel.m in Sources */ = {isa = PBXBuildFile; fileRef = 9B7D0CB715CE0EB70039F35F /* RecipeListViewModel.m */; };
		9B7D0CBB15CE15540039F35F /* RecipeListViewController.m in Sources */ = {isa = PBXBuildFile; fileRef = 9B7D0CBA15CE15540039F35F /* RecipeListViewController.m */; };
		9B7D0CBD15CE15900039F35F /* RecipeListViewController.xib in Resources */ = {isa = PBXBuildFile; fileRef = 9B7D0CBC15CE15900039F35F /* RecipeListViewController.xib */; };
		9B80643515277D8900B71114 /* EditRecipeTests.m in Sources */ = {isa = PBXBuildFile; fileRef = 9B80643415277D8900B71114 /* EditRecipeTests.m */; };
		9B806438152781DB00B71114 /* EditIngredientCell.m in Sources */ = {isa = PBXBuildFile; fileRef = 9B806437152781DB00B71114 /* EditIngredientCell.m */; };
		9B84A844152010F90036A5F0 /* EditIngredientCell.xib in Resources */ = {isa = PBXBuildFile; fileRef = 9B84A843152010F90036A5F0 /* EditIngredientCell.xib */; };
		9B8C0EB9153BBE5B0033F183 /* UIView+Extensions.m in Sources */ = {isa = PBXBuildFile; fileRef = 9B8C0EB8153BBE5B0033F183 /* UIView+Extensions.m */; };
		9B8C0EC7153BD0190033F183 /* UIImage+Extensions.m in Sources */ = {isa = PBXBuildFile; fileRef = 9B8C0EC6153BD0190033F183 /* UIImage+Extensions.m */; };
		9B8F033315D220B3000755D0 /* RateMyAppController.m in Sources */ = {isa = PBXBuildFile; fileRef = 9B8F033215D220B3000755D0 /* RateMyAppController.m */; };
		9B8F033815D227B3000755D0 /* AlertHandler.m in Sources */ = {isa = PBXBuildFile; fileRef = 9B8F033615D222C9000755D0 /* AlertHandler.m */; };
		9B961373151512E5003E68E2 /* EditRecipeViewController.m in Sources */ = {isa = PBXBuildFile; fileRef = 9B961371151512E5003E68E2 /* EditRecipeViewController.m */; };
		9B99C00B15D32BAD00C9BC76 /* libsqlite3.0.dylib in Frameworks */ = {isa = PBXBuildFile; fileRef = 9B99C00A15D32BAC00C9BC76 /* libsqlite3.0.dylib */; };
		9B99C00F15D32D3C00C9BC76 /* DatabaseMigrator.m in Sources */ = {isa = PBXBuildFile; fileRef = 9B99C00E15D32D3C00C9BC76 /* DatabaseMigrator.m */; };
		9B99C01215D33CEE00C9BC76 /* ZMigrationTests.m in Sources */ = {isa = PBXBuildFile; fileRef = 9B99C01115D33CEE00C9BC76 /* ZMigrationTests.m */; };
		9B9AB38E15CEE7C800FC5450 /* ingredients.png in Resources */ = {isa = PBXBuildFile; fileRef = 9B9AB38C15CEE7C800FC5450 /* ingredients.png */; };
		9B9AB38F15CEE7C800FC5450 /* ingredients@2x.png in Resources */ = {isa = PBXBuildFile; fileRef = 9B9AB38D15CEE7C800FC5450 /* ingredients@2x.png */; };
		9B9AB39315CEE93600FC5450 /* preperation.png in Resources */ = {isa = PBXBuildFile; fileRef = 9B9AB39115CEE93600FC5450 /* preperation.png */; };
		9B9AB39415CEE93600FC5450 /* preperation@2x.png in Resources */ = {isa = PBXBuildFile; fileRef = 9B9AB39215CEE93600FC5450 /* preperation@2x.png */; };
		9BAE02FF15D0DB3900B59583 /* NumberPicker.m in Sources */ = {isa = PBXBuildFile; fileRef = 9BAE02FE15D0DB3900B59583 /* NumberPicker.m */; };
		9BAE030215D0DBB300B59583 /* NumberPicker.xib in Resources */ = {isa = PBXBuildFile; fileRef = 9BAE030115D0DBB300B59583 /* NumberPicker.xib */; };
		9BB829D914ECBC2100BC2101 /* RecipeCell.m in Sources */ = {isa = PBXBuildFile; fileRef = 9BB829D814ECBC2100BC2101 /* RecipeCell.m */; };
		9BB829DB14ECBC3700BC2101 /* RecipeCell.xib in Resources */ = {isa = PBXBuildFile; fileRef = 9BB829DA14ECBC3700BC2101 /* RecipeCell.xib */; };
		9BBB8B7C15CF44C500C8705A /* TimePicker.m in Sources */ = {isa = PBXBuildFile; fileRef = 9BBB8B7B15CF44C500C8705A /* TimePicker.m */; };
		9BBB8B7F15CF497700C8705A /* TimePicker.xib in Resources */ = {isa = PBXBuildFile; fileRef = 9BBB8B7E15CF497700C8705A /* TimePicker.xib */; };
		9BBB8B8215CF765600C8705A /* servings.png in Resources */ = {isa = PBXBuildFile; fileRef = 9BBB8B8015CF765600C8705A /* servings.png */; };
		9BBB8B8315CF765600C8705A /* servings@2x.png in Resources */ = {isa = PBXBuildFile; fileRef = 9BBB8B8115CF765600C8705A /* servings@2x.png */; };
		9BC2C69315311BB2002983BB /* EditPreparationController.m in Sources */ = {isa = PBXBuildFile; fileRef = 9BC2C69115311BB2002983BB /* EditPreparationController.m */; };
		9BC2C69415311BB2002983BB /* EditPreparationController.xib in Resources */ = {isa = PBXBuildFile; fileRef = 9BC2C69215311BB2002983BB /* EditPreparationController.xib */; };
		9BCA5EBD14F16C36006C1374 /* UIToolbarSkinned.m in Sources */ = {isa = PBXBuildFile; fileRef = 9BCA5EBC14F16C36006C1374 /* UIToolbarSkinned.m */; };
		9BCA5EC014F17354006C1374 /* RecipeListMapper.m in Sources */ = {isa = PBXBuildFile; fileRef = 9BCA5EBF14F17354006C1374 /* RecipeListMapper.m */; };
		9BCA5EC314F173DD006C1374 /* ListRecipe.m in Sources */ = {isa = PBXBuildFile; fileRef = 9BCA5EC214F173DD006C1374 /* ListRecipe.m */; };
		9BCA5EC614F17574006C1374 /* RecipeMapperTests.m in Sources */ = {isa = PBXBuildFile; fileRef = 9BCA5EC514F17574006C1374 /* RecipeMapperTests.m */; };
		9BCF83D714EEAD6B00D087EA /* RecipeRepositoryTests.m in Sources */ = {isa = PBXBuildFile; fileRef = 9BCF83D414EEAD5F00D087EA /* RecipeRepositoryTests.m */; };
		9BCF83DB14EEAF9900D087EA /* RecipeRepository.m in Sources */ = {isa = PBXBuildFile; fileRef = 9BCF83DA14EEAF9900D087EA /* RecipeRepository.m */; };
		9BCF83DE14EEAFA600D087EA /* CategoryRepository.m in Sources */ = {isa = PBXBuildFile; fileRef = 9BCF83DD14EEAFA600D087EA /* CategoryRepository.m */; };
		9BD9A95316015F8300293FD7 /* Default-568h@2x.png in Resources */ = {isa = PBXBuildFile; fileRef = 9BD9A95216015F8300293FD7 /* Default-568h@2x.png */; };
		9BD9A95716017E6600293FD7 /* RecipePersister.m in Sources */ = {isa = PBXBuildFile; fileRef = 9BD9A95616017E6500293FD7 /* RecipePersister.m */; };
		9BD9A95A16018B3200293FD7 /* RecipePersistenceTests.m in Sources */ = {isa = PBXBuildFile; fileRef = 9BD9A95916018B3200293FD7 /* RecipePersistenceTests.m */; };
		9BF9BC9D1548DA3600DBADFD /* RecipeViewController.m in Sources */ = {isa = PBXBuildFile; fileRef = 9BF9BC9B1548DA3600DBADFD /* RecipeViewController.m */; };
		9BF9BC9E1548DA3600DBADFD /* RecipeViewController.xib in Resources */ = {isa = PBXBuildFile; fileRef = 9BF9BC9C1548DA3600DBADFD /* RecipeViewController.xib */; };
		9BFFAA9114DCF83200E4F74C /* UIKit.framework in Frameworks */ = {isa = PBXBuildFile; fileRef = 9BFFAA9014DCF83200E4F74C /* UIKit.framework */; };
		9BFFAA9314DCF83200E4F74C /* Foundation.framework in Frameworks */ = {isa = PBXBuildFile; fileRef = 9BFFAA9214DCF83200E4F74C /* Foundation.framework */; };
		9BFFAA9514DCF83200E4F74C /* CoreGraphics.framework in Frameworks */ = {isa = PBXBuildFile; fileRef = 9BFFAA9414DCF83200E4F74C /* CoreGraphics.framework */; };
		9BFFAA9B14DCF83200E4F74C /* InfoPlist.strings in Resources */ = {isa = PBXBuildFile; fileRef = 9BFFAA9914DCF83200E4F74C /* InfoPlist.strings */; };
		9BFFAA9D14DCF83200E4F74C /* main.m in Sources */ = {isa = PBXBuildFile; fileRef = 9BFFAA9C14DCF83200E4F74C /* main.m */; };
		9BFFAAA114DCF83200E4F74C /* AppDelegate.m in Sources */ = {isa = PBXBuildFile; fileRef = 9BFFAAA014DCF83200E4F74C /* AppDelegate.m */; };
		9BFFAAA914DCF83200E4F74C /* SenTestingKit.framework in Frameworks */ = {isa = PBXBuildFile; fileRef = 9BFFAAA814DCF83200E4F74C /* SenTestingKit.framework */; };
		9BFFAAAA14DCF83200E4F74C /* UIKit.framework in Frameworks */ = {isa = PBXBuildFile; fileRef = 9BFFAA9014DCF83200E4F74C /* UIKit.framework */; };
		9BFFAAAB14DCF83200E4F74C /* Foundation.framework in Frameworks */ = {isa = PBXBuildFile; fileRef = 9BFFAA9214DCF83200E4F74C /* Foundation.framework */; };
		9BFFAAB314DCF83200E4F74C /* InfoPlist.strings in Resources */ = {isa = PBXBuildFile; fileRef = 9BFFAAB114DCF83200E4F74C /* InfoPlist.strings */; };
		9BFFAAE314DF07F800E4F74C /* libOCMock.a in Frameworks */ = {isa = PBXBuildFile; fileRef = 9BFFAADF14DF07F000E4F74C /* libOCMock.a */; };
		9BFFAAEE14DF1C8C00E4F74C /* RecipeListControllerTests.m in Sources */ = {isa = PBXBuildFile; fileRef = 9BFFAAED14DF1C8C00E4F74C /* RecipeListControllerTests.m */; };
/* End PBXBuildFile section */

/* Begin PBXContainerItemProxy section */
		9BFFAAAC14DCF83200E4F74C /* PBXContainerItemProxy */ = {
			isa = PBXContainerItemProxy;
			containerPortal = 9BFFAA8314DCF83100E4F74C /* Project object */;
			proxyType = 1;
			remoteGlobalIDString = 9BFFAA8B14DCF83100E4F74C;
			remoteInfo = RecipeKing;
		};
/* End PBXContainerItemProxy section */

/* Begin PBXFileReference section */
		9B02294E15E13DC2005AA454 /* EditPreparationController.h */ = {isa = PBXFileReference; fileEncoding = 4; lastKnownFileType = sourcecode.c.h; path = EditPreparationController.h; sourceTree = "<group>"; };
		9B08FA9914EF503200AE961D /* PCategoryRepository.h */ = {isa = PBXFileReference; fileEncoding = 4; lastKnownFileType = sourcecode.c.h; path = PCategoryRepository.h; sourceTree = "<group>"; };
		9B08FA9F14EF5F6C00AE961D /* RecipeCategory.h */ = {isa = PBXFileReference; fileEncoding = 4; lastKnownFileType = sourcecode.c.h; lineEnding = 0; path = RecipeCategory.h; sourceTree = "<group>"; xcLanguageSpecificationIdentifier = xcode.lang.objcpp; };
		9B08FAA214EF5FCB00AE961D /* Recipe.h */ = {isa = PBXFileReference; fileEncoding = 4; lastKnownFileType = sourcecode.c.h; path = Recipe.h; sourceTree = "<group>"; };
		9B08FAA314EF5FCB00AE961D /* Recipe.m */ = {isa = PBXFileReference; fileEncoding = 4; lastKnownFileType = sourcecode.c.objc; path = Recipe.m; sourceTree = "<group>"; };
		9B08FAA514EF5FCB00AE961D /* Ingredient.h */ = {isa = PBXFileReference; fileEncoding = 4; lastKnownFileType = sourcecode.c.h; path = Ingredient.h; sourceTree = "<group>"; };
		9B08FAA614EF5FCB00AE961D /* Ingredient.m */ = {isa = PBXFileReference; fileEncoding = 4; lastKnownFileType = sourcecode.c.objc; path = Ingredient.m; sourceTree = "<group>"; };
		9B08FAA814EF67B300AE961D /* CategoryRepositoryTests.h */ = {isa = PBXFileReference; fileEncoding = 4; lastKnownFileType = sourcecode.c.h; path = CategoryRepositoryTests.h; sourceTree = "<group>"; };
		9B08FAA914EF67B300AE961D /* CategoryRepositoryTests.m */ = {isa = PBXFileReference; fileEncoding = 4; lastKnownFileType = sourcecode.c.objc; path = CategoryRepositoryTests.m; sourceTree = "<group>"; };
		9B08FAB314F0C0B400AE961D /* RecipeMapper.h */ = {isa = PBXFileReference; fileEncoding = 4; lastKnownFileType = sourcecode.c.h; path = RecipeMapper.h; sourceTree = "<group>"; };
		9B08FAB414F0C0B400AE961D /* RecipeMapper.m */ = {isa = PBXFileReference; fileEncoding = 4; lastKnownFileType = sourcecode.c.objc; path = RecipeMapper.m; sourceTree = "<group>"; };
		9B23179215CE19FC000CADFD /* ControllerFactory.h */ = {isa = PBXFileReference; fileEncoding = 4; lastKnownFileType = sourcecode.c.h; path = ControllerFactory.h; sourceTree = "<group>"; };
		9B23179315CE19FC000CADFD /* ControllerFactory.m */ = {isa = PBXFileReference; fileEncoding = 4; lastKnownFileType = sourcecode.c.objc; path = ControllerFactory.m; sourceTree = "<group>"; };
		9B23179615CE3872000CADFD /* EditRecipeViewController.xib */ = {isa = PBXFileReference; fileEncoding = 4; lastKnownFileType = file.xib; path = EditRecipeViewController.xib; sourceTree = "<group>"; };
		9B23179815CEBFCD000CADFD /* PreperationCell.h */ = {isa = PBXFileReference; fileEncoding = 4; lastKnownFileType = sourcecode.c.h; path = PreperationCell.h; sourceTree = "<group>"; };
		9B23179915CEBFCD000CADFD /* PreperationCell.m */ = {isa = PBXFileReference; fileEncoding = 4; lastKnownFileType = sourcecode.c.objc; path = PreperationCell.m; sourceTree = "<group>"; };
		9B385BC4151E40320021E716 /* EditRecipeTableController.h */ = {isa = PBXFileReference; fileEncoding = 4; lastKnownFileType = sourcecode.c.h; path = EditRecipeTableController.h; sourceTree = "<group>"; };
		9B385BC5151E40320021E716 /* EditRecipeTableController.m */ = {isa = PBXFileReference; fileEncoding = 4; lastKnownFileType = sourcecode.c.objc; path = EditRecipeTableController.m; sourceTree = "<group>"; };
		9B3BE06B151F9697005C146B /* CategoryListController.h */ = {isa = PBXFileReference; fileEncoding = 4; lastKnownFileType = sourcecode.c.h; path = CategoryListController.h; sourceTree = "<group>"; };
		9B3BE06C151F9697005C146B /* CategoryListController.m */ = {isa = PBXFileReference; fileEncoding = 4; lastKnownFileType = sourcecode.c.objc; path = CategoryListController.m; sourceTree = "<group>"; };
		9B3BE06E151FACBE005C146B /* CategoryListController.xib */ = {isa = PBXFileReference; fileEncoding = 4; lastKnownFileType = file.xib; path = CategoryListController.xib; sourceTree = "<group>"; };
		9B3BE070151FD03F005C146B /* EditCategoryViewController.h */ = {isa = PBXFileReference; fileEncoding = 4; lastKnownFileType = sourcecode.c.h; path = EditCategoryViewController.h; sourceTree = "<group>"; };
		9B3BE071151FD03F005C146B /* EditCategoryViewController.m */ = {isa = PBXFileReference; fileEncoding = 4; lastKnownFileType = sourcecode.c.objc; path = EditCategoryViewController.m; sourceTree = "<group>"; };
		9B3BE072151FD03F005C146B /* EditCategoryViewController.xib */ = {isa = PBXFileReference; fileEncoding = 4; lastKnownFileType = file.xib; path = EditCategoryViewController.xib; sourceTree = "<group>"; };
		9B3BE15D15FD12780018D41E /* RecipeFileRepository.h */ = {isa = PBXFileReference; fileEncoding = 4; lastKnownFileType = sourcecode.c.h; path = RecipeFileRepository.h; sourceTree = "<group>"; };
		9B3BE15E15FD12780018D41E /* RecipeFileRepository.m */ = {isa = PBXFileReference; fileEncoding = 4; lastKnownFileType = sourcecode.c.objc; path = RecipeFileRepository.m; sourceTree = "<group>"; };
		9B3DB17615CDA62B0010C7EB /* RecipeViewModel.h */ = {isa = PBXFileReference; fileEncoding = 4; lastKnownFileType = sourcecode.c.h; path = RecipeViewModel.h; sourceTree = "<group>"; };
		9B3DB17715CDA62B0010C7EB /* RecipeViewModel.m */ = {isa = PBXFileReference; fileEncoding = 4; lastKnownFileType = sourcecode.c.objc; path = RecipeViewModel.m; sourceTree = "<group>"; };
		9B3DB17915CDA8FB0010C7EB /* NSArray-Extensions.h */ = {isa = PBXFileReference; fileEncoding = 4; lastKnownFileType = sourcecode.c.h; path = "NSArray-Extensions.h"; sourceTree = "<group>"; };
		9B3DB17A15CDA8FB0010C7EB /* NSArray-Extensions.m */ = {isa = PBXFileReference; fileEncoding = 4; lastKnownFileType = sourcecode.c.objc; path = "NSArray-Extensions.m"; sourceTree = "<group>"; };
		9B3DB17B15CDA8FB0010C7EB /* NSString-Extensions.h */ = {isa = PBXFileReference; fileEncoding = 4; lastKnownFileType = sourcecode.c.h; path = "NSString-Extensions.h"; sourceTree = "<group>"; };
		9B3DB17C15CDA8FB0010C7EB /* NSString-Extensions.m */ = {isa = PBXFileReference; fileEncoding = 4; lastKnownFileType = sourcecode.c.objc; path = "NSString-Extensions.m"; sourceTree = "<group>"; };
		9B3DB17F15CDAC450010C7EB /* RecipeMapperTests.h */ = {isa = PBXFileReference; fileEncoding = 4; lastKnownFileType = sourcecode.c.h; path = RecipeMapperTests.h; sourceTree = "<group>"; };
		9B3E884D15CD9BAB000941ED /* bread.jpg */ = {isa = PBXFileReference; lastKnownFileType = image.jpeg; path = bread.jpg; sourceTree = "<group>"; };
		9B3E884E15CD9BAB000941ED /* categoryback.png */ = {isa = PBXFileReference; lastKnownFileType = image.png; path = categoryback.png; sourceTree = "<group>"; };
		9B3E884F15CD9BAB000941ED /* categoryback@2x.png */ = {isa = PBXFileReference; lastKnownFileType = image.png; path = "categoryback@2x.png"; sourceTree = "<group>"; };
		9B3E885015CD9BAB000941ED /* clock.png */ = {isa = PBXFileReference; lastKnownFileType = image.png; path = clock.png; sourceTree = "<group>"; };
		9B3E885115CD9BAB000941ED /* clock@2x.png */ = {isa = PBXFileReference; lastKnownFileType = image.png; path = "clock@2x.png"; sourceTree = "<group>"; };
		9B3E885215CD9BAB000941ED /* editRecipeBackground.png */ = {isa = PBXFileReference; lastKnownFileType = image.png; path = editRecipeBackground.png; sourceTree = "<group>"; };
		9B3E885315CD9BAB000941ED /* editRecipeBackground@2x.png */ = {isa = PBXFileReference; lastKnownFileType = image.png; path = "editRecipeBackground@2x.png"; sourceTree = "<group>"; };
		9B3E885415CD9BAB000941ED /* navlandscape.png */ = {isa = PBXFileReference; lastKnownFileType = image.png; path = navlandscape.png; sourceTree = "<group>"; };
		9B3E885515CD9BAB000941ED /* navlandscape@2x.png */ = {isa = PBXFileReference; lastKnownFileType = image.png; path = "navlandscape@2x.png"; sourceTree = "<group>"; };
		9B3E885615CD9BAB000941ED /* navportrait.png */ = {isa = PBXFileReference; lastKnownFileType = image.png; path = navportrait.png; sourceTree = "<group>"; };
		9B3E885715CD9BAB000941ED /* navportrait@2x.png */ = {isa = PBXFileReference; lastKnownFileType = image.png; path = "navportrait@2x.png"; sourceTree = "<group>"; };
		9B3E885815CD9BAB000941ED /* toolbar@2x.png */ = {isa = PBXFileReference; lastKnownFileType = image.png; path = "toolbar@2x.png"; sourceTree = "<group>"; };
		9B3E885915CD9BAB000941ED /* toolbarlandscape.png */ = {isa = PBXFileReference; lastKnownFileType = image.png; path = toolbarlandscape.png; sourceTree = "<group>"; };
		9B3E885A15CD9BAB000941ED /* toolbarlandscape@2x.png */ = {isa = PBXFileReference; lastKnownFileType = image.png; path = "toolbarlandscape@2x.png"; sourceTree = "<group>"; };
		9B3E885B15CD9BAB000941ED /* toolbarportrait.png */ = {isa = PBXFileReference; lastKnownFileType = image.png; path = toolbarportrait.png; sourceTree = "<group>"; };
		9B3E885C15CD9BAB000941ED /* toolbarportrait@2x.png */ = {isa = PBXFileReference; lastKnownFileType = image.png; path = "toolbarportrait@2x.png"; sourceTree = "<group>"; };
		9B3E885D15CD9BAB000941ED /* UIRemoveControlPlus.png */ = {isa = PBXFileReference; lastKnownFileType = image.png; path = UIRemoveControlPlus.png; sourceTree = "<group>"; };
		9B3E885E15CD9BAB000941ED /* UIRemoveControlPlus@2x.png */ = {isa = PBXFileReference; lastKnownFileType = image.png; path = "UIRemoveControlPlus@2x.png"; sourceTree = "<group>"; };
		9B3E887115CDA0E6000941ED /* TouchableTableView.m */ = {isa = PBXFileReference; fileEncoding = 4; lastKnownFileType = sourcecode.c.objc; path = TouchableTableView.m; sourceTree = "<group>"; };
		9B3E888815D09758000941ED /* PhotoPicker.h */ = {isa = PBXFileReference; fileEncoding = 4; lastKnownFileType = sourcecode.c.h; path = PhotoPicker.h; sourceTree = "<group>"; };
		9B3E888915D09758000941ED /* PhotoPicker.m */ = {isa = PBXFileReference; fileEncoding = 4; lastKnownFileType = sourcecode.c.objc; path = PhotoPicker.m; sourceTree = "<group>"; };
		9B3E888B15D0B5C4000941ED /* ImageViewController.h */ = {isa = PBXFileReference; fileEncoding = 4; lastKnownFileType = sourcecode.c.h; path = ImageViewController.h; sourceTree = "<group>"; };
		9B3E888C15D0B5C4000941ED /* ImageViewController.m */ = {isa = PBXFileReference; fileEncoding = 4; lastKnownFileType = sourcecode.c.objc; path = ImageViewController.m; sourceTree = "<group>"; };
		9B3E888D15D0B5C5000941ED /* ImageViewController.xib */ = {isa = PBXFileReference; fileEncoding = 4; lastKnownFileType = file.xib; path = ImageViewController.xib; sourceTree = "<group>"; };
		9B45B72E154F85D800BFA61E /* appicon.png */ = {isa = PBXFileReference; lastKnownFileType = image.png; path = appicon.png; sourceTree = "<group>"; };
		9B45B730154F85DD00BFA61E /* appicon@2x.png */ = {isa = PBXFileReference; lastKnownFileType = image.png; path = "appicon@2x.png"; sourceTree = "<group>"; };
		9B46BEC714F4720F00A5827B /* UINavigationControllerSkinned.xib */ = {isa = PBXFileReference; fileEncoding = 4; lastKnownFileType = file.xib; path = UINavigationControllerSkinned.xib; sourceTree = "<group>"; };
		9B46BEC914F4745000A5827B /* UINavigationBarSkinned.h */ = {isa = PBXFileReference; fileEncoding = 4; lastKnownFileType = sourcecode.c.h; path = UINavigationBarSkinned.h; sourceTree = "<group>"; };
		9B46BECA14F4745000A5827B /* UINavigationBarSkinned.m */ = {isa = PBXFileReference; fileEncoding = 4; lastKnownFileType = sourcecode.c.objc; path = UINavigationBarSkinned.m; sourceTree = "<group>"; };
		9B71021F14F5746E003871E4 /* PRecipeRepository.h */ = {isa = PBXFileReference; fileEncoding = 4; lastKnownFileType = sourcecode.c.h; path = PRecipeRepository.h; sourceTree = "<group>"; };
		9B71024D14F73E70003871E4 /* CategoryCell.h */ = {isa = PBXFileReference; fileEncoding = 4; lastKnownFileType = sourcecode.c.h; lineEnding = 0; path = CategoryCell.h; sourceTree = "<group>"; xcLanguageSpecificationIdentifier = xcode.lang.objcpp; };
		9B71024E14F73E71003871E4 /* CategoryCell.m */ = {isa = PBXFileReference; fileEncoding = 4; lastKnownFileType = sourcecode.c.objc; lineEnding = 0; path = CategoryCell.m; sourceTree = "<group>"; xcLanguageSpecificationIdentifier = xcode.lang.objc; };
		9B71024F14F73E71003871E4 /* CategoryCell.xib */ = {isa = PBXFileReference; fileEncoding = 4; lastKnownFileType = file.xib; path = CategoryCell.xib; sourceTree = "<group>"; };
		9B7D0CA915CDD51A0039F35F /* Container.h */ = {isa = PBXFileReference; fileEncoding = 4; lastKnownFileType = sourcecode.c.h; path = Container.h; sourceTree = "<group>"; };
		9B7D0CAA15CDD51A0039F35F /* Container.m */ = {isa = PBXFileReference; fileEncoding = 4; lastKnownFileType = sourcecode.c.objc; path = Container.m; sourceTree = "<group>"; };
		9B7D0CAC15CDD6350039F35F /* RecipeCategory.m */ = {isa = PBXFileReference; fileEncoding = 4; lastKnownFileType = sourcecode.c.objc; path = RecipeCategory.m; sourceTree = "<group>"; };
		9B7D0CAE15CDDC990039F35F /* RecipeCategoryView.h */ = {isa = PBXFileReference; fileEncoding = 4; lastKnownFileType = sourcecode.c.h; path = RecipeCategoryView.h; sourceTree = "<group>"; };
		9B7D0CAF15CDDC990039F35F /* RecipeCategoryView.m */ = {isa = PBXFileReference; fileEncoding = 4; lastKnownFileType = sourcecode.c.objc; path = RecipeCategoryView.m; sourceTree = "<group>"; };
		9B7D0CB115CDE9760039F35F /* IngredientCell.h */ = {isa = PBXFileReference; fileEncoding = 4; lastKnownFileType = sourcecode.c.h; path = IngredientCell.h; sourceTree = "<group>"; };
		9B7D0CB215CDE9760039F35F /* IngredientCell.m */ = {isa = PBXFileReference; fileEncoding = 4; lastKnownFileType = sourcecode.c.objc; path = IngredientCell.m; sourceTree = "<group>"; };
		9B7D0CB415CDE98A0039F35F /* IngredientCell.xib */ = {isa = PBXFileReference; fileEncoding = 4; lastKnownFileType = file.xib; path = IngredientCell.xib; sourceTree = "<group>"; };
		9B7D0CB615CE0EB70039F35F /* RecipeListViewModel.h */ = {isa = PBXFileReference; fileEncoding = 4; lastKnownFileType = sourcecode.c.h; path = RecipeListViewModel.h; sourceTree = "<group>"; };
		9B7D0CB715CE0EB70039F35F /* RecipeListViewModel.m */ = {isa = PBXFileReference; fileEncoding = 4; lastKnownFileType = sourcecode.c.objc; path = RecipeListViewModel.m; sourceTree = "<group>"; };
		9B7D0CB915CE15540039F35F /* RecipeListViewController.h */ = {isa = PBXFileReference; fileEncoding = 4; lastKnownFileType = sourcecode.c.h; path = RecipeListViewController.h; sourceTree = "<group>"; };
		9B7D0CBA15CE15540039F35F /* RecipeListViewController.m */ = {isa = PBXFileReference; fileEncoding = 4; lastKnownFileType = sourcecode.c.objc; path = RecipeListViewController.m; sourceTree = "<group>"; };
		9B7D0CBC15CE15900039F35F /* RecipeListViewController.xib */ = {isa = PBXFileReference; fileEncoding = 4; lastKnownFileType = file.xib; path = RecipeListViewController.xib; sourceTree = "<group>"; };
		9B7D0CBE15CE160A0039F35F /* RecipeListSearchController.m */ = {isa = PBXFileReference; fileEncoding = 4; lastKnownFileType = sourcecode.c.objc; path = RecipeListSearchController.m; sourceTree = "<group>"; };
		9B7D0CBF15CE160A0039F35F /* RecipeListSearchController.h */ = {isa = PBXFileReference; fileEncoding = 4; lastKnownFileType = sourcecode.c.h; path = RecipeListSearchController.h; sourceTree = "<group>"; };
		9B80643315277D8900B71114 /* EditRecipeTests.h */ = {isa = PBXFileReference; fileEncoding = 4; lastKnownFileType = sourcecode.c.h; path = EditRecipeTests.h; sourceTree = "<group>"; };
		9B80643415277D8900B71114 /* EditRecipeTests.m */ = {isa = PBXFileReference; fileEncoding = 4; lastKnownFileType = sourcecode.c.objc; path = EditRecipeTests.m; sourceTree = "<group>"; };
		9B806436152781DB00B71114 /* EditIngredientCell.h */ = {isa = PBXFileReference; fileEncoding = 4; lastKnownFileType = sourcecode.c.h; path = EditIngredientCell.h; sourceTree = "<group>"; };
		9B806437152781DB00B71114 /* EditIngredientCell.m */ = {isa = PBXFileReference; fileEncoding = 4; lastKnownFileType = sourcecode.c.objc; path = EditIngredientCell.m; sourceTree = "<group>"; };
		9B84A843152010F90036A5F0 /* EditIngredientCell.xib */ = {isa = PBXFileReference; fileEncoding = 4; lastKnownFileType = file.xib; path = EditIngredientCell.xib; sourceTree = "<group>"; };
		9B8C0EB7153BBE5B0033F183 /* UIView+Extensions.h */ = {isa = PBXFileReference; fileEncoding = 4; lastKnownFileType = sourcecode.c.h; path = "UIView+Extensions.h"; sourceTree = "<group>"; };
		9B8C0EB8153BBE5B0033F183 /* UIView+Extensions.m */ = {isa = PBXFileReference; fileEncoding = 4; lastKnownFileType = sourcecode.c.objc; path = "UIView+Extensions.m"; sourceTree = "<group>"; };
		9B8C0EBA153BC24B0033F183 /* TouchableTableView.h */ = {isa = PBXFileReference; fileEncoding = 4; lastKnownFileType = sourcecode.c.h; path = TouchableTableView.h; sourceTree = "<group>"; };
		9B8C0EC5153BD0190033F183 /* UIImage+Extensions.h */ = {isa = PBXFileReference; fileEncoding = 4; lastKnownFileType = sourcecode.c.h; path = "UIImage+Extensions.h"; sourceTree = "<group>"; };
		9B8C0EC6153BD0190033F183 /* UIImage+Extensions.m */ = {isa = PBXFileReference; fileEncoding = 4; lastKnownFileType = sourcecode.c.objc; path = "UIImage+Extensions.m"; sourceTree = "<group>"; };
		9B8F033115D220B3000755D0 /* RateMyAppController.h */ = {isa = PBXFileReference; fileEncoding = 4; lastKnownFileType = sourcecode.c.h; path = RateMyAppController.h; sourceTree = "<group>"; };
		9B8F033215D220B3000755D0 /* RateMyAppController.m */ = {isa = PBXFileReference; fileEncoding = 4; lastKnownFileType = sourcecode.c.objc; path = RateMyAppController.m; sourceTree = "<group>"; };
		9B8F033515D222C9000755D0 /* AlertHandler.h */ = {isa = PBXFileReference; fileEncoding = 4; lastKnownFileType = sourcecode.c.h; path = AlertHandler.h; sourceTree = "<group>"; };
		9B8F033615D222C9000755D0 /* AlertHandler.m */ = {isa = PBXFileReference; fileEncoding = 4; lastKnownFileType = sourcecode.c.objc; path = AlertHandler.m; sourceTree = "<group>"; };
		9B961370151512E5003E68E2 /* EditRecipeViewController.h */ = {isa = PBXFileReference; fileEncoding = 4; lastKnownFileType = sourcecode.c.h; path = EditRecipeViewController.h; sourceTree = "<group>"; };
		9B961371151512E5003E68E2 /* EditRecipeViewController.m */ = {isa = PBXFileReference; fileEncoding = 4; lastKnownFileType = sourcecode.c.objc; path = EditRecipeViewController.m; sourceTree = "<group>"; };
		9B99C00A15D32BAC00C9BC76 /* libsqlite3.0.dylib */ = {isa = PBXFileReference; lastKnownFileType = "compiled.mach-o.dylib"; name = libsqlite3.0.dylib; path = usr/lib/libsqlite3.0.dylib; sourceTree = SDKROOT; };
		9B99C00D15D32D3C00C9BC76 /* DatabaseMigrator.h */ = {isa = PBXFileReference; fileEncoding = 4; lastKnownFileType = sourcecode.c.h; path = DatabaseMigrator.h; sourceTree = "<group>"; };
		9B99C00E15D32D3C00C9BC76 /* DatabaseMigrator.m */ = {isa = PBXFileReference; fileEncoding = 4; lastKnownFileType = sourcecode.c.objc; path = DatabaseMigrator.m; sourceTree = "<group>"; };
		9B99C01015D33CED00C9BC76 /* ZMigrationTests.h */ = {isa = PBXFileReference; fileEncoding = 4; lastKnownFileType = sourcecode.c.h; path = ZMigrationTests.h; sourceTree = "<group>"; };
		9B99C01115D33CEE00C9BC76 /* ZMigrationTests.m */ = {isa = PBXFileReference; fileEncoding = 4; lastKnownFileType = sourcecode.c.objc; path = ZMigrationTests.m; sourceTree = "<group>"; };
		9B9AB38C15CEE7C800FC5450 /* ingredients.png */ = {isa = PBXFileReference; lastKnownFileType = image.png; path = ingredients.png; sourceTree = "<group>"; };
		9B9AB38D15CEE7C800FC5450 /* ingredients@2x.png */ = {isa = PBXFileReference; lastKnownFileType = image.png; path = "ingredients@2x.png"; sourceTree = "<group>"; };
		9B9AB39115CEE93600FC5450 /* preperation.png */ = {isa = PBXFileReference; lastKnownFileType = image.png; path = preperation.png; sourceTree = "<group>"; };
		9B9AB39215CEE93600FC5450 /* preperation@2x.png */ = {isa = PBXFileReference; lastKnownFileType = image.png; path = "preperation@2x.png"; sourceTree = "<group>"; };
		9BAE02FD15D0DB3800B59583 /* NumberPicker.h */ = {isa = PBXFileReference; fileEncoding = 4; lastKnownFileType = sourcecode.c.h; path = NumberPicker.h; sourceTree = "<group>"; };
		9BAE02FE15D0DB3900B59583 /* NumberPicker.m */ = {isa = PBXFileReference; fileEncoding = 4; lastKnownFileType = sourcecode.c.objc; path = NumberPicker.m; sourceTree = "<group>"; };
		9BAE030115D0DBB300B59583 /* NumberPicker.xib */ = {isa = PBXFileReference; fileEncoding = 4; lastKnownFileType = file.xib; path = NumberPicker.xib; sourceTree = "<group>"; };
		9BB829D714ECBC2100BC2101 /* RecipeCell.h */ = {isa = PBXFileReference; fileEncoding = 4; lastKnownFileType = sourcecode.c.h; path = RecipeCell.h; sourceTree = "<group>"; };
		9BB829D814ECBC2100BC2101 /* RecipeCell.m */ = {isa = PBXFileReference; fileEncoding = 4; lastKnownFileType = sourcecode.c.objc; path = RecipeCell.m; sourceTree = "<group>"; };
		9BB829DA14ECBC3700BC2101 /* RecipeCell.xib */ = {isa = PBXFileReference; fileEncoding = 4; lastKnownFileType = file.xib; path = RecipeCell.xib; sourceTree = "<group>"; };
		9BBB8B7A15CF44C500C8705A /* TimePicker.h */ = {isa = PBXFileReference; fileEncoding = 4; lastKnownFileType = sourcecode.c.h; path = TimePicker.h; sourceTree = "<group>"; };
		9BBB8B7B15CF44C500C8705A /* TimePicker.m */ = {isa = PBXFileReference; fileEncoding = 4; lastKnownFileType = sourcecode.c.objc; path = TimePicker.m; sourceTree = "<group>"; };
		9BBB8B7E15CF497700C8705A /* TimePicker.xib */ = {isa = PBXFileReference; fileEncoding = 4; lastKnownFileType = file.xib; path = TimePicker.xib; sourceTree = "<group>"; };
		9BBB8B8015CF765600C8705A /* servings.png */ = {isa = PBXFileReference; lastKnownFileType = image.png; path = servings.png; sourceTree = "<group>"; };
		9BBB8B8115CF765600C8705A /* servings@2x.png */ = {isa = PBXFileReference; lastKnownFileType = image.png; path = "servings@2x.png"; sourceTree = "<group>"; };
		9BC2C69115311BB2002983BB /* EditPreparationController.m */ = {isa = PBXFileReference; fileEncoding = 4; lastKnownFileType = sourcecode.c.objc; path = EditPreparationController.m; sourceTree = "<group>"; };
		9BC2C69215311BB2002983BB /* EditPreparationController.xib */ = {isa = PBXFileReference; fileEncoding = 4; lastKnownFileType = file.xib; path = EditPreparationController.xib; sourceTree = "<group>"; };
		9BCA5EBB14F16C36006C1374 /* UIToolbarSkinned.h */ = {isa = PBXFileReference; fileEncoding = 4; lastKnownFileType = sourcecode.c.h; path = UIToolbarSkinned.h; sourceTree = "<group>"; };
		9BCA5EBC14F16C36006C1374 /* UIToolbarSkinned.m */ = {isa = PBXFileReference; fileEncoding = 4; lastKnownFileType = sourcecode.c.objc; path = UIToolbarSkinned.m; sourceTree = "<group>"; };
		9BCA5EBE14F17354006C1374 /* RecipeListMapper.h */ = {isa = PBXFileReference; fileEncoding = 4; lastKnownFileType = sourcecode.c.h; path = RecipeListMapper.h; sourceTree = "<group>"; };
		9BCA5EBF14F17354006C1374 /* RecipeListMapper.m */ = {isa = PBXFileReference; fileEncoding = 4; lastKnownFileType = sourcecode.c.objc; path = RecipeListMapper.m; sourceTree = "<group>"; };
		9BCA5EC114F173DD006C1374 /* ListRecipe.h */ = {isa = PBXFileReference; fileEncoding = 4; lastKnownFileType = sourcecode.c.h; path = ListRecipe.h; sourceTree = "<group>"; };
		9BCA5EC214F173DD006C1374 /* ListRecipe.m */ = {isa = PBXFileReference; fileEncoding = 4; lastKnownFileType = sourcecode.c.objc; path = ListRecipe.m; sourceTree = "<group>"; };
		9BCA5EC514F17574006C1374 /* RecipeMapperTests.m */ = {isa = PBXFileReference; fileEncoding = 4; lastKnownFileType = sourcecode.c.objc; path = RecipeMapperTests.m; sourceTree = "<group>"; };
		9BCF83D314EEAD5F00D087EA /* RecipeRepositoryTests.h */ = {isa = PBXFileReference; fileEncoding = 4; lastKnownFileType = sourcecode.c.h; path = RecipeRepositoryTests.h; sourceTree = "<group>"; };
		9BCF83D414EEAD5F00D087EA /* RecipeRepositoryTests.m */ = {isa = PBXFileReference; fileEncoding = 4; lastKnownFileType = sourcecode.c.objc; path = RecipeRepositoryTests.m; sourceTree = "<group>"; };
		9BCF83D914EEAF9900D087EA /* RecipeRepository.h */ = {isa = PBXFileReference; fileEncoding = 4; lastKnownFileType = sourcecode.c.h; path = RecipeRepository.h; sourceTree = "<group>"; };
		9BCF83DA14EEAF9900D087EA /* RecipeRepository.m */ = {isa = PBXFileReference; fileEncoding = 4; lastKnownFileType = sourcecode.c.objc; path = RecipeRepository.m; sourceTree = "<group>"; };
		9BCF83DC14EEAFA600D087EA /* CategoryRepository.h */ = {isa = PBXFileReference; fileEncoding = 4; lastKnownFileType = sourcecode.c.h; path = CategoryRepository.h; sourceTree = "<group>"; };
		9BCF83DD14EEAFA600D087EA /* CategoryRepository.m */ = {isa = PBXFileReference; fileEncoding = 4; lastKnownFileType = sourcecode.c.objc; path = CategoryRepository.m; sourceTree = "<group>"; };
		9BD9A95216015F8300293FD7 /* Default-568h@2x.png */ = {isa = PBXFileReference; lastKnownFileType = image.png; path = "Default-568h@2x.png"; sourceTree = "<group>"; };
		9BD9A95516017E6500293FD7 /* RecipePersister.h */ = {isa = PBXFileReference; fileEncoding = 4; lastKnownFileType = sourcecode.c.h; path = RecipePersister.h; sourceTree = "<group>"; };
		9BD9A95616017E6500293FD7 /* RecipePersister.m */ = {isa = PBXFileReference; fileEncoding = 4; lastKnownFileType = sourcecode.c.objc; path = RecipePersister.m; sourceTree = "<group>"; };
		9BD9A95816018B3200293FD7 /* RecipePersistenceTests.h */ = {isa = PBXFileReference; fileEncoding = 4; lastKnownFileType = sourcecode.c.h; path = RecipePersistenceTests.h; sourceTree = "<group>"; };
		9BD9A95916018B3200293FD7 /* RecipePersistenceTests.m */ = {isa = PBXFileReference; fileEncoding = 4; lastKnownFileType = sourcecode.c.objc; path = RecipePersistenceTests.m; sourceTree = "<group>"; };
		9BF9BC9A1548DA3600DBADFD /* RecipeViewController.h */ = {isa = PBXFileReference; fileEncoding = 4; lastKnownFileType = sourcecode.c.h; path = RecipeViewController.h; sourceTree = "<group>"; };
		9BF9BC9B1548DA3600DBADFD /* RecipeViewController.m */ = {isa = PBXFileReference; fileEncoding = 4; lastKnownFileType = sourcecode.c.objc; path = RecipeViewController.m; sourceTree = "<group>"; };
		9BF9BC9C1548DA3600DBADFD /* RecipeViewController.xib */ = {isa = PBXFileReference; fileEncoding = 4; lastKnownFileType = file.xib; path = RecipeViewController.xib; sourceTree = "<group>"; };
		9BFFAA8C14DCF83200E4F74C /* RecipeKing.app */ = {isa = PBXFileReference; explicitFileType = wrapper.application; includeInIndex = 0; path = RecipeKing.app; sourceTree = BUILT_PRODUCTS_DIR; };
		9BFFAA9014DCF83200E4F74C /* UIKit.framework */ = {isa = PBXFileReference; lastKnownFileType = wrapper.framework; name = UIKit.framework; path = System/Library/Frameworks/UIKit.framework; sourceTree = SDKROOT; };
		9BFFAA9214DCF83200E4F74C /* Foundation.framework */ = {isa = PBXFileReference; lastKnownFileType = wrapper.framework; name = Foundation.framework; path = System/Library/Frameworks/Foundation.framework; sourceTree = SDKROOT; };
		9BFFAA9414DCF83200E4F74C /* CoreGraphics.framework */ = {isa = PBXFileReference; lastKnownFileType = wrapper.framework; name = CoreGraphics.framework; path = System/Library/Frameworks/CoreGraphics.framework; sourceTree = SDKROOT; };
		9BFFAA9814DCF83200E4F74C /* RecipeKing-Info.plist */ = {isa = PBXFileReference; lastKnownFileType = text.plist.xml; path = "RecipeKing-Info.plist"; sourceTree = "<group>"; };
		9BFFAA9A14DCF83200E4F74C /* en */ = {isa = PBXFileReference; lastKnownFileType = text.plist.strings; name = en; path = en.lproj/InfoPlist.strings; sourceTree = "<group>"; };
		9BFFAA9C14DCF83200E4F74C /* main.m */ = {isa = PBXFileReference; lastKnownFileType = sourcecode.c.objc; path = main.m; sourceTree = "<group>"; };
		9BFFAA9E14DCF83200E4F74C /* RecipeKing-Prefix.pch */ = {isa = PBXFileReference; lastKnownFileType = sourcecode.c.h; path = "RecipeKing-Prefix.pch"; sourceTree = "<group>"; };
		9BFFAA9F14DCF83200E4F74C /* AppDelegate.h */ = {isa = PBXFileReference; lastKnownFileType = sourcecode.c.h; lineEnding = 0; path = AppDelegate.h; sourceTree = "<group>"; xcLanguageSpecificationIdentifier = xcode.lang.objcpp; };
		9BFFAAA014DCF83200E4F74C /* AppDelegate.m */ = {isa = PBXFileReference; lastKnownFileType = sourcecode.c.objc; lineEnding = 0; path = AppDelegate.m; sourceTree = "<group>"; xcLanguageSpecificationIdentifier = xcode.lang.objc; };
		9BFFAAA714DCF83200E4F74C /* RecipeKingTests.octest */ = {isa = PBXFileReference; explicitFileType = wrapper.cfbundle; includeInIndex = 0; path = RecipeKingTests.octest; sourceTree = BUILT_PRODUCTS_DIR; };
		9BFFAAA814DCF83200E4F74C /* SenTestingKit.framework */ = {isa = PBXFileReference; lastKnownFileType = wrapper.framework; name = SenTestingKit.framework; path = Library/Frameworks/SenTestingKit.framework; sourceTree = DEVELOPER_DIR; };
		9BFFAAB014DCF83200E4F74C /* RecipeKingTests-Info.plist */ = {isa = PBXFileReference; lastKnownFileType = text.plist.xml; path = "RecipeKingTests-Info.plist"; sourceTree = "<group>"; };
		9BFFAAB214DCF83200E4F74C /* en */ = {isa = PBXFileReference; lastKnownFileType = text.plist.strings; name = en; path = en.lproj/InfoPlist.strings; sourceTree = "<group>"; };
		9BFFAADF14DF07F000E4F74C /* libOCMock.a */ = {isa = PBXFileReference; lastKnownFileType = archive.ar; name = libOCMock.a; path = Library/libOCMock.a; sourceTree = "<group>"; };
		9BFFAAE614DF096B00E4F74C /* NSNotificationCenter+OCMAdditions.h */ = {isa = PBXFileReference; fileEncoding = 4; lastKnownFileType = sourcecode.c.h; path = "NSNotificationCenter+OCMAdditions.h"; sourceTree = "<group>"; };
		9BFFAAE714DF096B00E4F74C /* OCMArg.h */ = {isa = PBXFileReference; fileEncoding = 4; lastKnownFileType = sourcecode.c.h; path = OCMArg.h; sourceTree = "<group>"; };
		9BFFAAE814DF096B00E4F74C /* OCMConstraint.h */ = {isa = PBXFileReference; fileEncoding = 4; lastKnownFileType = sourcecode.c.h; path = OCMConstraint.h; sourceTree = "<group>"; };
		9BFFAAE914DF096B00E4F74C /* OCMock.h */ = {isa = PBXFileReference; fileEncoding = 4; lastKnownFileType = sourcecode.c.h; path = OCMock.h; sourceTree = "<group>"; };
		9BFFAAEA14DF096B00E4F74C /* OCMockObject.h */ = {isa = PBXFileReference; fileEncoding = 4; lastKnownFileType = sourcecode.c.h; path = OCMockObject.h; sourceTree = "<group>"; };
		9BFFAAEB14DF096B00E4F74C /* OCMockRecorder.h */ = {isa = PBXFileReference; fileEncoding = 4; lastKnownFileType = sourcecode.c.h; path = OCMockRecorder.h; sourceTree = "<group>"; };
		9BFFAAEC14DF1C8C00E4F74C /* RecipeListControllerTests.h */ = {isa = PBXFileReference; fileEncoding = 4; lastKnownFileType = sourcecode.c.h; path = RecipeListControllerTests.h; sourceTree = "<group>"; };
		9BFFAAED14DF1C8C00E4F74C /* RecipeListControllerTests.m */ = {isa = PBXFileReference; fileEncoding = 4; lastKnownFileType = sourcecode.c.objc; path = RecipeListControllerTests.m; sourceTree = "<group>"; };
		9BFFAAF014DF1D0000E4F74C /* EditRecipeViewModel.h */ = {isa = PBXFileReference; fileEncoding = 4; lastKnownFileType = sourcecode.c.h; path = EditRecipeViewModel.h; sourceTree = "<group>"; };
		9BFFAAF114DF1D0000E4F74C /* EditRecipeViewModel.m */ = {isa = PBXFileReference; fileEncoding = 4; lastKnownFileType = sourcecode.c.objc; path = EditRecipeViewModel.m; sourceTree = "<group>"; };
		9BFFAAF314DF1EE500E4F74C /* IngredientViewModel.h */ = {isa = PBXFileReference; fileEncoding = 4; lastKnownFileType = sourcecode.c.h; path = IngredientViewModel.h; sourceTree = "<group>"; };
		9BFFAAF414DF1EE500E4F74C /* IngredientViewModel.m */ = {isa = PBXFileReference; fileEncoding = 4; lastKnownFileType = sourcecode.c.objc; path = IngredientViewModel.m; sourceTree = "<group>"; };
/* End PBXFileReference section */

/* Begin PBXFrameworksBuildPhase section */
		9BFFAA8914DCF83100E4F74C /* Frameworks */ = {
			isa = PBXFrameworksBuildPhase;
			buildActionMask = 2147483647;
			files = (
				9B99C00B15D32BAD00C9BC76 /* libsqlite3.0.dylib in Frameworks */,
				9BFFAA9114DCF83200E4F74C /* UIKit.framework in Frameworks */,
				9BFFAA9314DCF83200E4F74C /* Foundation.framework in Frameworks */,
				9BFFAA9514DCF83200E4F74C /* CoreGraphics.framework in Frameworks */,
			);
			runOnlyForDeploymentPostprocessing = 0;
		};
		9BFFAAA314DCF83200E4F74C /* Frameworks */ = {
			isa = PBXFrameworksBuildPhase;
			buildActionMask = 2147483647;
			files = (
				9BFFAAA914DCF83200E4F74C /* SenTestingKit.framework in Frameworks */,
				9BFFAAAA14DCF83200E4F74C /* UIKit.framework in Frameworks */,
				9BFFAAAB14DCF83200E4F74C /* Foundation.framework in Frameworks */,
				9BFFAAE314DF07F800E4F74C /* libOCMock.a in Frameworks */,
			);
			runOnlyForDeploymentPostprocessing = 0;
		};
/* End PBXFrameworksBuildPhase section */

/* Begin PBXGroup section */
		9B08FA9E14EF5F1E00AE961D /* Entities */ = {
			isa = PBXGroup;
			children = (
				9B7D0CAC15CDD6350039F35F /* RecipeCategory.m */,
				9B08FA9F14EF5F6C00AE961D /* RecipeCategory.h */,
				9B08FAA514EF5FCB00AE961D /* Ingredient.h */,
				9B08FAA614EF5FCB00AE961D /* Ingredient.m */,
				9B08FAA214EF5FCB00AE961D /* Recipe.h */,
				9B08FAA314EF5FCB00AE961D /* Recipe.m */,
			);
			name = Entities;
			sourceTree = "<group>";
		};
		9B08FAAB14F09FCE00AE961D /* ObjectMappers */ = {
			isa = PBXGroup;
			children = (
				9B08FAB314F0C0B400AE961D /* RecipeMapper.h */,
				9B08FAB414F0C0B400AE961D /* RecipeMapper.m */,
				9BCA5EBE14F17354006C1374 /* RecipeListMapper.h */,
				9BCA5EBF14F17354006C1374 /* RecipeListMapper.m */,
			);
			name = ObjectMappers;
			sourceTree = "<group>";
		};
		9B385BC8151ED1800021E716 /* RecipeList */ = {
			isa = PBXGroup;
			children = (
				9B7D0CBF15CE160A0039F35F /* RecipeListSearchController.h */,
				9B7D0CBE15CE160A0039F35F /* RecipeListSearchController.m */,
				9B7D0CBC15CE15900039F35F /* RecipeListViewController.xib */,
				9B7D0CB915CE15540039F35F /* RecipeListViewController.h */,
				9B7D0CBA15CE15540039F35F /* RecipeListViewController.m */,
				9B8F033115D220B3000755D0 /* RateMyAppController.h */,
				9B8F033215D220B3000755D0 /* RateMyAppController.m */,
			);
			name = RecipeList;
			sourceTree = "<group>";
		};
		9B385BC9151ED1BF0021E716 /* EditRecipe */ = {
			isa = PBXGroup;
			children = (
				9B961370151512E5003E68E2 /* EditRecipeViewController.h */,
				9B961371151512E5003E68E2 /* EditRecipeViewController.m */,
				9B23179615CE3872000CADFD /* EditRecipeViewController.xib */,
				9B385BC4151E40320021E716 /* EditRecipeTableController.h */,
				9B385BC5151E40320021E716 /* EditRecipeTableController.m */,
				9B02294E15E13DC2005AA454 /* EditPreparationController.h */,
				9BC2C69115311BB2002983BB /* EditPreparationController.m */,
				9BC2C69215311BB2002983BB /* EditPreparationController.xib */,
			);
			name = EditRecipe;
			sourceTree = "<group>";
		};
		9B3BE063151F8410005C146B /* Model */ = {
			isa = PBXGroup;
			children = (
				9B8C0EB6153BBE340033F183 /* Categories */,
				9BCF83D814EEAE8000D087EA /* Persistence */,
				9BFFAACD14DD037000E4F74C /* Protocols */,
				9B08FAAB14F09FCE00AE961D /* ObjectMappers */,
				9BFFAAEF14DF1CE800E4F74C /* ViewModels */,
				9B7D0CA915CDD51A0039F35F /* Container.h */,
				9B7D0CAA15CDD51A0039F35F /* Container.m */,
				9BCA5EC114F173DD006C1374 /* ListRecipe.h */,
				9BCA5EC214F173DD006C1374 /* ListRecipe.m */,
				9B23179215CE19FC000CADFD /* ControllerFactory.h */,
				9B23179315CE19FC000CADFD /* ControllerFactory.m */,
			);
			path = Model;
			sourceTree = "<group>";
		};
		9B3BE06A151F9661005C146B /* CategoryList */ = {
			isa = PBXGroup;
			children = (
				9B3BE06B151F9697005C146B /* CategoryListController.h */,
				9B3BE06C151F9697005C146B /* CategoryListController.m */,
				9B3BE06E151FACBE005C146B /* CategoryListController.xib */,
				9B3BE070151FD03F005C146B /* EditCategoryViewController.h */,
				9B3BE071151FD03F005C146B /* EditCategoryViewController.m */,
				9B3BE072151FD03F005C146B /* EditCategoryViewController.xib */,
			);
			name = CategoryList;
			sourceTree = "<group>";
		};
		9B3E884A15CD9B8C000941ED /* Resources */ = {
			isa = PBXGroup;
			children = (
				9B3E884C15CD9BAB000941ED /* images_iphone */,
			);
			path = Resources;
			sourceTree = "<group>";
		};
		9B3E884C15CD9BAB000941ED /* images_iphone */ = {
			isa = PBXGroup;
			children = (
				9BBB8B8015CF765600C8705A /* servings.png */,
				9BBB8B8115CF765600C8705A /* servings@2x.png */,
				9B9AB39115CEE93600FC5450 /* preperation.png */,
				9B9AB39215CEE93600FC5450 /* preperation@2x.png */,
				9B9AB38C15CEE7C800FC5450 /* ingredients.png */,
				9B9AB38D15CEE7C800FC5450 /* ingredients@2x.png */,
				9B3E884D15CD9BAB000941ED /* bread.jpg */,
				9B3E884E15CD9BAB000941ED /* categoryback.png */,
				9B3E884F15CD9BAB000941ED /* categoryback@2x.png */,
				9B3E885015CD9BAB000941ED /* clock.png */,
				9B3E885115CD9BAB000941ED /* clock@2x.png */,
				9B3E885215CD9BAB000941ED /* editRecipeBackground.png */,
				9B3E885315CD9BAB000941ED /* editRecipeBackground@2x.png */,
				9B3E885415CD9BAB000941ED /* navlandscape.png */,
				9B3E885515CD9BAB000941ED /* navlandscape@2x.png */,
				9B3E885615CD9BAB000941ED /* navportrait.png */,
				9B3E885715CD9BAB000941ED /* navportrait@2x.png */,
				9B3E885815CD9BAB000941ED /* toolbar@2x.png */,
				9B3E885915CD9BAB000941ED /* toolbarlandscape.png */,
				9B3E885A15CD9BAB000941ED /* toolbarlandscape@2x.png */,
				9B3E885B15CD9BAB000941ED /* toolbarportrait.png */,
				9B3E885C15CD9BAB000941ED /* toolbarportrait@2x.png */,
				9B3E885D15CD9BAB000941ED /* UIRemoveControlPlus.png */,
				9B3E885E15CD9BAB000941ED /* UIRemoveControlPlus@2x.png */,
			);
			path = images_iphone;
			sourceTree = "<group>";
		};
		9B8C0EB6153BBE340033F183 /* Categories */ = {
			isa = PBXGroup;
			children = (
				9B3DB17915CDA8FB0010C7EB /* NSArray-Extensions.h */,
				9B3DB17A15CDA8FB0010C7EB /* NSArray-Extensions.m */,
				9B3DB17B15CDA8FB0010C7EB /* NSString-Extensions.h */,
				9B3DB17C15CDA8FB0010C7EB /* NSString-Extensions.m */,
				9B8C0EC5153BD0190033F183 /* UIImage+Extensions.h */,
				9B8C0EC6153BD0190033F183 /* UIImage+Extensions.m */,
				9B8C0EB7153BBE5B0033F183 /* UIView+Extensions.h */,
				9B8C0EB8153BBE5B0033F183 /* UIView+Extensions.m */,
			);
			name = Categories;
			sourceTree = "<group>";
		};
		9BB829D614ECBBE700BC2101 /* Views */ = {
			isa = PBXGroup;
			children = (
				9BB829D714ECBC2100BC2101 /* RecipeCell.h */,
				9BB829D814ECBC2100BC2101 /* RecipeCell.m */,
				9BB829DA14ECBC3700BC2101 /* RecipeCell.xib */,
				9B71024D14F73E70003871E4 /* CategoryCell.h */,
				9B71024E14F73E71003871E4 /* CategoryCell.m */,
				9B71024F14F73E71003871E4 /* CategoryCell.xib */,
				9B806436152781DB00B71114 /* EditIngredientCell.h */,
				9B806437152781DB00B71114 /* EditIngredientCell.m */,
				9B84A843152010F90036A5F0 /* EditIngredientCell.xib */,
				9B7D0CAE15CDDC990039F35F /* RecipeCategoryView.h */,
				9B7D0CAF15CDDC990039F35F /* RecipeCategoryView.m */,
				9B7D0CB115CDE9760039F35F /* IngredientCell.h */,
				9B7D0CB215CDE9760039F35F /* IngredientCell.m */,
				9B7D0CB415CDE98A0039F35F /* IngredientCell.xib */,
				9B23179815CEBFCD000CADFD /* PreperationCell.h */,
				9B23179915CEBFCD000CADFD /* PreperationCell.m */,
				9BBB8B7A15CF44C500C8705A /* TimePicker.h */,
				9BBB8B7B15CF44C500C8705A /* TimePicker.m */,
				9BBB8B7E15CF497700C8705A /* TimePicker.xib */,
				9B3E888815D09758000941ED /* PhotoPicker.h */,
				9B3E888915D09758000941ED /* PhotoPicker.m */,
				9BAE02FD15D0DB3800B59583 /* NumberPicker.h */,
				9BAE02FE15D0DB3900B59583 /* NumberPicker.m */,
				9BAE030115D0DBB300B59583 /* NumberPicker.xib */,
			);
			path = Views;
			sourceTree = "<group>";
		};
		9BCA5EB914F16C0B006C1374 /* UIKitExtensions */ = {
			isa = PBXGroup;
			children = (
				9B8F033515D222C9000755D0 /* AlertHandler.h */,
				9B8F033615D222C9000755D0 /* AlertHandler.m */,
				9BCA5EBB14F16C36006C1374 /* UIToolbarSkinned.h */,
				9B46BEC914F4745000A5827B /* UINavigationBarSkinned.h */,
				9BCA5EBC14F16C36006C1374 /* UIToolbarSkinned.m */,
				9B46BECA14F4745000A5827B /* UINavigationBarSkinned.m */,
				9B46BEC714F4720F00A5827B /* UINavigationControllerSkinned.xib */,
				9B3E887115CDA0E6000941ED /* TouchableTableView.m */,
				9B8C0EBA153BC24B0033F183 /* TouchableTableView.h */,
			);
			path = UIKitExtensions;
			sourceTree = "<group>";
		};
		9BCF83D814EEAE8000D087EA /* Persistence */ = {
			isa = PBXGroup;
			children = (
				9B08FA9E14EF5F1E00AE961D /* Entities */,
				9BCF83D914EEAF9900D087EA /* RecipeRepository.h */,
				9BCF83DA14EEAF9900D087EA /* RecipeRepository.m */,
				9B3BE15D15FD12780018D41E /* RecipeFileRepository.h */,
				9B3BE15E15FD12780018D41E /* RecipeFileRepository.m */,
				9BCF83DC14EEAFA600D087EA /* CategoryRepository.h */,
				9BCF83DD14EEAFA600D087EA /* CategoryRepository.m */,
				9B99C00D15D32D3C00C9BC76 /* DatabaseMigrator.h */,
				9B99C00E15D32D3C00C9BC76 /* DatabaseMigrator.m */,
				9BD9A95516017E6500293FD7 /* RecipePersister.h */,
				9BD9A95616017E6500293FD7 /* RecipePersister.m */,
			);
			name = Persistence;
			sourceTree = "<group>";
		};
		9BF9BC981548D9FE00DBADFD /* ViewRecipe */ = {
			isa = PBXGroup;
			children = (
				9BF9BC9A1548DA3600DBADFD /* RecipeViewController.h */,
				9BF9BC9B1548DA3600DBADFD /* RecipeViewController.m */,
				9BF9BC9C1548DA3600DBADFD /* RecipeViewController.xib */,
				9B3E888B15D0B5C4000941ED /* ImageViewController.h */,
				9B3E888C15D0B5C4000941ED /* ImageViewController.m */,
				9B3E888D15D0B5C5000941ED /* ImageViewController.xib */,
			);
			name = ViewRecipe;
			sourceTree = "<group>";
		};
		9BFFAA8114DCF83100E4F74C = {
			isa = PBXGroup;
			children = (
				9BD9A95216015F8300293FD7 /* Default-568h@2x.png */,
				9B45B730154F85DD00BFA61E /* appicon@2x.png */,
				9B45B72E154F85D800BFA61E /* appicon.png */,
				9BFFAAAE14DCF83200E4F74C /* RecipeKingTests */,
				9BFFAADE14DF07E300E4F74C /* Library */,
				9BFFAA9614DCF83200E4F74C /* RecipeKing */,
				9BFFAA8F14DCF83200E4F74C /* Frameworks */,
				9BFFAA8D14DCF83200E4F74C /* Products */,
			);
			sourceTree = "<group>";
		};
		9BFFAA8D14DCF83200E4F74C /* Products */ = {
			isa = PBXGroup;
			children = (
				9BFFAA8C14DCF83200E4F74C /* RecipeKing.app */,
				9BFFAAA714DCF83200E4F74C /* RecipeKingTests.octest */,
			);
			name = Products;
			sourceTree = "<group>";
		};
		9BFFAA8F14DCF83200E4F74C /* Frameworks */ = {
			isa = PBXGroup;
			children = (
				9B99C00A15D32BAC00C9BC76 /* libsqlite3.0.dylib */,
				9BFFAA9014DCF83200E4F74C /* UIKit.framework */,
				9BFFAA9214DCF83200E4F74C /* Foundation.framework */,
				9BFFAA9414DCF83200E4F74C /* CoreGraphics.framework */,
				9BFFAAA814DCF83200E4F74C /* SenTestingKit.framework */,
			);
			name = Frameworks;
			sourceTree = "<group>";
		};
		9BFFAA9614DCF83200E4F74C /* RecipeKing */ = {
			isa = PBXGroup;
			children = (
				9B3E884A15CD9B8C000941ED /* Resources */,
				9BFFAA9714DCF83200E4F74C /* Supporting Files */,
				9B3BE063151F8410005C146B /* Model */,
				9BFFAB0514DF94C200E4F74C /* iPhone Ui */,
				9BFFAA9F14DCF83200E4F74C /* AppDelegate.h */,
				9BFFAAA014DCF83200E4F74C /* AppDelegate.m */,
			);
			path = RecipeKing;
			sourceTree = "<group>";
		};
		9BFFAA9714DCF83200E4F74C /* Supporting Files */ = {
			isa = PBXGroup;
			children = (
				9BFFAA9814DCF83200E4F74C /* RecipeKing-Info.plist */,
				9BFFAA9914DCF83200E4F74C /* InfoPlist.strings */,
				9BFFAA9C14DCF83200E4F74C /* main.m */,
				9BFFAA9E14DCF83200E4F74C /* RecipeKing-Prefix.pch */,
			);
			name = "Supporting Files";
			sourceTree = "<group>";
		};
		9BFFAAAE14DCF83200E4F74C /* RecipeKingTests */ = {
			isa = PBXGroup;
			children = (
				9BFFAAAF14DCF83200E4F74C /* Supporting Files */,
				9BFFAAEC14DF1C8C00E4F74C /* RecipeListControllerTests.h */,
				9BFFAAED14DF1C8C00E4F74C /* RecipeListControllerTests.m */,
				9BCF83D314EEAD5F00D087EA /* RecipeRepositoryTests.h */,
				9BCF83D414EEAD5F00D087EA /* RecipeRepositoryTests.m */,
				9B08FAA814EF67B300AE961D /* CategoryRepositoryTests.h */,
				9B08FAA914EF67B300AE961D /* CategoryRepositoryTests.m */,
				9B3DB17F15CDAC450010C7EB /* RecipeMapperTests.h */,
				9BCA5EC514F17574006C1374 /* RecipeMapperTests.m */,
				9B80643315277D8900B71114 /* EditRecipeTests.h */,
				9B80643415277D8900B71114 /* EditRecipeTests.m */,
				9B99C01015D33CED00C9BC76 /* ZMigrationTests.h */,
				9B99C01115D33CEE00C9BC76 /* ZMigrationTests.m */,
				9BD9A95816018B3200293FD7 /* RecipePersistenceTests.h */,
				9BD9A95916018B3200293FD7 /* RecipePersistenceTests.m */,
			);
			path = RecipeKingTests;
			sourceTree = "<group>";
		};
		9BFFAAAF14DCF83200E4F74C /* Supporting Files */ = {
			isa = PBXGroup;
			children = (
				9BFFAAB014DCF83200E4F74C /* RecipeKingTests-Info.plist */,
				9BFFAAB114DCF83200E4F74C /* InfoPlist.strings */,
			);
			name = "Supporting Files";
			sourceTree = "<group>";
		};
		9BFFAACD14DD037000E4F74C /* Protocols */ = {
			isa = PBXGroup;
			children = (
				9B08FA9914EF503200AE961D /* PCategoryRepository.h */,
				9B71021F14F5746E003871E4 /* PRecipeRepository.h */,
			);
			name = Protocols;
			sourceTree = "<group>";
		};
		9BFFAADE14DF07E300E4F74C /* Library */ = {
			isa = PBXGroup;
			children = (
				9BFFAAE514DF096B00E4F74C /* OCMock */,
				9BFFAADF14DF07F000E4F74C /* libOCMock.a */,
			);
			name = Library;
			sourceTree = "<group>";
		};
		9BFFAAE514DF096B00E4F74C /* OCMock */ = {
			isa = PBXGroup;
			children = (
				9BFFAAE614DF096B00E4F74C /* NSNotificationCenter+OCMAdditions.h */,
				9BFFAAE714DF096B00E4F74C /* OCMArg.h */,
				9BFFAAE814DF096B00E4F74C /* OCMConstraint.h */,
				9BFFAAE914DF096B00E4F74C /* OCMock.h */,
				9BFFAAEA14DF096B00E4F74C /* OCMockObject.h */,
				9BFFAAEB14DF096B00E4F74C /* OCMockRecorder.h */,
			);
			name = OCMock;
			path = Library/OCMock;
			sourceTree = "<group>";
		};
		9BFFAAEF14DF1CE800E4F74C /* ViewModels */ = {
			isa = PBXGroup;
			children = (
				9BFFAAF014DF1D0000E4F74C /* EditRecipeViewModel.h */,
				9BFFAAF114DF1D0000E4F74C /* EditRecipeViewModel.m */,
				9BFFAAF314DF1EE500E4F74C /* IngredientViewModel.h */,
				9BFFAAF414DF1EE500E4F74C /* IngredientViewModel.m */,
				9B3DB17615CDA62B0010C7EB /* RecipeViewModel.h */,
				9B3DB17715CDA62B0010C7EB /* RecipeViewModel.m */,
				9B7D0CB615CE0EB70039F35F /* RecipeListViewModel.h */,
				9B7D0CB715CE0EB70039F35F /* RecipeListViewModel.m */,
			);
			name = ViewModels;
			sourceTree = "<group>";
		};
		9BFFAAFA14DF220900E4F74C /* Controllers */ = {
			isa = PBXGroup;
			children = (
				9BF9BC981548D9FE00DBADFD /* ViewRecipe */,
				9B3BE06A151F9661005C146B /* CategoryList */,
				9B385BC9151ED1BF0021E716 /* EditRecipe */,
				9B385BC8151ED1800021E716 /* RecipeList */,
			);
			path = Controllers;
			sourceTree = "<group>";
		};
		9BFFAB0514DF94C200E4F74C /* iPhone Ui */ = {
			isa = PBXGroup;
			children = (
				9BCA5EB914F16C0B006C1374 /* UIKitExtensions */,
				9BB829D614ECBBE700BC2101 /* Views */,
				9BFFAAFA14DF220900E4F74C /* Controllers */,
			);
			name = "iPhone Ui";
			path = iPhoneUi;
			sourceTree = "<group>";
		};
/* End PBXGroup section */

/* Begin PBXNativeTarget section */
		9BFFAA8B14DCF83100E4F74C /* RecipeKing */ = {
			isa = PBXNativeTarget;
			buildConfigurationList = 9BFFAAB914DCF83200E4F74C /* Build configuration list for PBXNativeTarget "RecipeKing" */;
			buildPhases = (
				9BFFAA8814DCF83100E4F74C /* Sources */,
				9BFFAA8914DCF83100E4F74C /* Frameworks */,
				9BFFAA8A14DCF83100E4F74C /* Resources */,
			);
			buildRules = (
			);
			dependencies = (
			);
			name = RecipeKing;
			productName = RecipeKing;
			productReference = 9BFFAA8C14DCF83200E4F74C /* RecipeKing.app */;
			productType = "com.apple.product-type.application";
		};
		9BFFAAA614DCF83200E4F74C /* RecipeKingTests */ = {
			isa = PBXNativeTarget;
			buildConfigurationList = 9BFFAABC14DCF83200E4F74C /* Build configuration list for PBXNativeTarget "RecipeKingTests" */;
			buildPhases = (
				9BFFAAA214DCF83200E4F74C /* Sources */,
				9BFFAAA314DCF83200E4F74C /* Frameworks */,
				9BFFAAA414DCF83200E4F74C /* Resources */,
				9BFFAAA514DCF83200E4F74C /* ShellScript */,
			);
			buildRules = (
			);
			dependencies = (
				9BFFAAAD14DCF83200E4F74C /* PBXTargetDependency */,
			);
			name = RecipeKingTests;
			productName = RecipeKingTests;
			productReference = 9BFFAAA714DCF83200E4F74C /* RecipeKingTests.octest */;
			productType = "com.apple.product-type.bundle";
		};
/* End PBXNativeTarget section */

/* Begin PBXProject section */
		9BFFAA8314DCF83100E4F74C /* Project object */ = {
			isa = PBXProject;
			attributes = {
				LastUpgradeCheck = 0450;
				ORGANIZATIONNAME = leescode;
			};
			buildConfigurationList = 9BFFAA8614DCF83100E4F74C /* Build configuration list for PBXProject "RecipeKing" */;
			compatibilityVersion = "Xcode 3.2";
			developmentRegion = English;
			hasScannedForEncodings = 0;
			knownRegions = (
				en,
			);
			mainGroup = 9BFFAA8114DCF83100E4F74C;
			productRefGroup = 9BFFAA8D14DCF83200E4F74C /* Products */;
			projectDirPath = "";
			projectRoot = "";
			targets = (
				9BFFAA8B14DCF83100E4F74C /* RecipeKing */,
				9BFFAAA614DCF83200E4F74C /* RecipeKingTests */,
			);
		};
/* End PBXProject section */

/* Begin PBXResourcesBuildPhase section */
		9BFFAA8A14DCF83100E4F74C /* Resources */ = {
			isa = PBXResourcesBuildPhase;
			buildActionMask = 2147483647;
			files = (
				9BFFAA9B14DCF83200E4F74C /* InfoPlist.strings in Resources */,
				9BB829DB14ECBC3700BC2101 /* RecipeCell.xib in Resources */,
				9B46BEC814F4721000A5827B /* UINavigationControllerSkinned.xib in Resources */,
				9B71025114F73E71003871E4 /* CategoryCell.xib in Resources */,
				9B3BE06F151FACBE005C146B /* CategoryListController.xib in Resources */,
				9B3BE074151FD040005C146B /* EditCategoryViewController.xib in Resources */,
				9B84A844152010F90036A5F0 /* EditIngredientCell.xib in Resources */,
				9BC2C69415311BB2002983BB /* EditPreparationController.xib in Resources */,
				9BF9BC9E1548DA3600DBADFD /* RecipeViewController.xib in Resources */,
				9B45B72F154F85D800BFA61E /* appicon.png in Resources */,
				9B45B731154F85DD00BFA61E /* appicon@2x.png in Resources */,
				9B3E885F15CD9BAB000941ED /* bread.jpg in Resources */,
				9B3E886015CD9BAB000941ED /* categoryback.png in Resources */,
				9B3E886115CD9BAB000941ED /* categoryback@2x.png in Resources */,
				9B3E886215CD9BAB000941ED /* clock.png in Resources */,
				9B3E886315CD9BAB000941ED /* clock@2x.png in Resources */,
				9B3E886415CD9BAB000941ED /* editRecipeBackground.png in Resources */,
				9B3E886515CD9BAB000941ED /* editRecipeBackground@2x.png in Resources */,
				9B3E886615CD9BAB000941ED /* navlandscape.png in Resources */,
				9B3E886715CD9BAB000941ED /* navlandscape@2x.png in Resources */,
				9B3E886815CD9BAB000941ED /* navportrait.png in Resources */,
				9B3E886915CD9BAB000941ED /* navportrait@2x.png in Resources */,
				9B3E886A15CD9BAB000941ED /* toolbar@2x.png in Resources */,
				9B3E886B15CD9BAB000941ED /* toolbarlandscape.png in Resources */,
				9B3E886C15CD9BAB000941ED /* toolbarlandscape@2x.png in Resources */,
				9B3E886D15CD9BAB000941ED /* toolbarportrait.png in Resources */,
				9B3E886E15CD9BAB000941ED /* toolbarportrait@2x.png in Resources */,
				9B3E886F15CD9BAB000941ED /* UIRemoveControlPlus.png in Resources */,
				9B3E887015CD9BAB000941ED /* UIRemoveControlPlus@2x.png in Resources */,
				9B7D0CB515CDE98A0039F35F /* IngredientCell.xib in Resources */,
				9B7D0CBD15CE15900039F35F /* RecipeListViewController.xib in Resources */,
				9B23179715CE3873000CADFD /* EditRecipeViewController.xib in Resources */,
				9B9AB38E15CEE7C800FC5450 /* ingredients.png in Resources */,
				9B9AB38F15CEE7C800FC5450 /* ingredients@2x.png in Resources */,
				9B9AB39315CEE93600FC5450 /* preperation.png in Resources */,
				9B9AB39415CEE93600FC5450 /* preperation@2x.png in Resources */,
				9BBB8B7F15CF497700C8705A /* TimePicker.xib in Resources */,
				9BBB8B8215CF765600C8705A /* servings.png in Resources */,
				9BBB8B8315CF765600C8705A /* servings@2x.png in Resources */,
				9B3E888F15D0B5C5000941ED /* ImageViewController.xib in Resources */,
				9BAE030215D0DBB300B59583 /* NumberPicker.xib in Resources */,
				9BD9A95316015F8300293FD7 /* Default-568h@2x.png in Resources */,
			);
			runOnlyForDeploymentPostprocessing = 0;
		};
		9BFFAAA414DCF83200E4F74C /* Resources */ = {
			isa = PBXResourcesBuildPhase;
			buildActionMask = 2147483647;
			files = (
				9BFFAAB314DCF83200E4F74C /* InfoPlist.strings in Resources */,
			);
			runOnlyForDeploymentPostprocessing = 0;
		};
/* End PBXResourcesBuildPhase section */

/* Begin PBXShellScriptBuildPhase section */
		9BFFAAA514DCF83200E4F74C /* ShellScript */ = {
			isa = PBXShellScriptBuildPhase;
			buildActionMask = 2147483647;
			files = (
			);
			inputPaths = (
			);
			outputPaths = (
			);
			runOnlyForDeploymentPostprocessing = 0;
			shellPath = /bin/sh;
			shellScript = "# Run the unit tests in this test bundle.\n\"${SYSTEM_DEVELOPER_DIR}/Tools/RunUnitTests\" -SenTest Self\n";
		};
/* End PBXShellScriptBuildPhase section */

/* Begin PBXSourcesBuildPhase section */
		9BFFAA8814DCF83100E4F74C /* Sources */ = {
			isa = PBXSourcesBuildPhase;
			buildActionMask = 2147483647;
			files = (
				9BFFAA9D14DCF83200E4F74C /* main.m in Sources */,
				9BFFAAA114DCF83200E4F74C /* AppDelegate.m in Sources */,
				9BB829D914ECBC2100BC2101 /* RecipeCell.m in Sources */,
				9BCF83DB14EEAF9900D087EA /* RecipeRepository.m in Sources */,
				9BCF83DE14EEAFA600D087EA /* CategoryRepository.m in Sources */,
				9B08FAA414EF5FCB00AE961D /* Recipe.m in Sources */,
				9B08FAA714EF5FCB00AE961D /* Ingredient.m in Sources */,
				9B08FAB714F0D00500AE961D /* RecipeMapper.m in Sources */,
				9B08FAB814F0D02B00AE961D /* EditRecipeViewModel.m in Sources */,
				9B08FAB914F0D02F00AE961D /* IngredientViewModel.m in Sources */,
				9BCA5EBD14F16C36006C1374 /* UIToolbarSkinned.m in Sources */,
				9BCA5EC014F17354006C1374 /* RecipeListMapper.m in Sources */,
				9BCA5EC314F173DD006C1374 /* ListRecipe.m in Sources */,
				9B46BECB14F4745000A5827B /* UINavigationBarSkinned.m in Sources */,
				9B71025014F73E71003871E4 /* CategoryCell.m in Sources */,
				9B961373151512E5003E68E2 /* EditRecipeViewController.m in Sources */,
				9B385BC6151E40320021E716 /* EditRecipeTableController.m in Sources */,
				9B3BE06D151F9697005C146B /* CategoryListController.m in Sources */,
				9B3BE073151FD040005C146B /* EditCategoryViewController.m in Sources */,
				9B806438152781DB00B71114 /* EditIngredientCell.m in Sources */,
				9BC2C69315311BB2002983BB /* EditPreparationController.m in Sources */,
				9B8C0EB9153BBE5B0033F183 /* UIView+Extensions.m in Sources */,
				9B8C0EC7153BD0190033F183 /* UIImage+Extensions.m in Sources */,
				9BF9BC9D1548DA3600DBADFD /* RecipeViewController.m in Sources */,
				9B3E887215CDA0E6000941ED /* TouchableTableView.m in Sources */,
				9B3DB17815CDA62B0010C7EB /* RecipeViewModel.m in Sources */,
				9B3DB17D15CDA8FB0010C7EB /* NSArray-Extensions.m in Sources */,
				9B3DB17E15CDA8FB0010C7EB /* NSString-Extensions.m in Sources */,
				9B7D0CAB15CDD51B0039F35F /* Container.m in Sources */,
				9B7D0CAD15CDD6350039F35F /* RecipeCategory.m in Sources */,
				9B7D0CB015CDDC990039F35F /* RecipeCategoryView.m in Sources */,
				9B7D0CB315CDE9770039F35F /* IngredientCell.m in Sources */,
				9B7D0CB815CE0EB70039F35F /* RecipeListViewModel.m in Sources */,
				9B7D0CBB15CE15540039F35F /* RecipeListViewController.m in Sources */,
				9B23179415CE19FC000CADFD /* ControllerFactory.m in Sources */,
				9B23179515CE281F000CADFD /* RecipeListSearchController.m in Sources */,
				9B23179A15CEBFCD000CADFD /* PreperationCell.m in Sources */,
				9BBB8B7C15CF44C500C8705A /* TimePicker.m in Sources */,
				9B3E888A15D09758000941ED /* PhotoPicker.m in Sources */,
				9B3E888E15D0B5C5000941ED /* ImageViewController.m in Sources */,
				9BAE02FF15D0DB3900B59583 /* NumberPicker.m in Sources */,
				9B8F033315D220B3000755D0 /* RateMyAppController.m in Sources */,
				9B8F033815D227B3000755D0 /* AlertHandler.m in Sources */,
				9B99C00F15D32D3C00C9BC76 /* DatabaseMigrator.m in Sources */,
				9B3BE15F15FD12780018D41E /* RecipeFileRepository.m in Sources */,
				9BD9A95716017E6600293FD7 /* RecipePersister.m in Sources */,
			);
			runOnlyForDeploymentPostprocessing = 0;
		};
		9BFFAAA214DCF83200E4F74C /* Sources */ = {
			isa = PBXSourcesBuildPhase;
			buildActionMask = 2147483647;
			files = (
				9BFFAAEE14DF1C8C00E4F74C /* RecipeListControllerTests.m in Sources */,
				9BCF83D714EEAD6B00D087EA /* RecipeRepositoryTests.m in Sources */,
				9B08FAAA14EF67B300AE961D /* CategoryRepositoryTests.m in Sources */,
				9BCA5EC614F17574006C1374 /* RecipeMapperTests.m in Sources */,
				9B80643515277D8900B71114 /* EditRecipeTests.m in Sources */,
				9B99C01215D33CEE00C9BC76 /* ZMigrationTests.m in Sources */,
				9BD9A95A16018B3200293FD7 /* RecipePersistenceTests.m in Sources */,
			);
			runOnlyForDeploymentPostprocessing = 0;
		};
/* End PBXSourcesBuildPhase section */

/* Begin PBXTargetDependency section */
		9BFFAAAD14DCF83200E4F74C /* PBXTargetDependency */ = {
			isa = PBXTargetDependency;
			target = 9BFFAA8B14DCF83100E4F74C /* RecipeKing */;
			targetProxy = 9BFFAAAC14DCF83200E4F74C /* PBXContainerItemProxy */;
		};
/* End PBXTargetDependency section */

/* Begin PBXVariantGroup section */
		9BFFAA9914DCF83200E4F74C /* InfoPlist.strings */ = {
			isa = PBXVariantGroup;
			children = (
				9BFFAA9A14DCF83200E4F74C /* en */,
			);
			name = InfoPlist.strings;
			sourceTree = "<group>";
		};
		9BFFAAB114DCF83200E4F74C /* InfoPlist.strings */ = {
			isa = PBXVariantGroup;
			children = (
				9BFFAAB214DCF83200E4F74C /* en */,
			);
			name = InfoPlist.strings;
			sourceTree = "<group>";
		};
/* End PBXVariantGroup section */

/* Begin XCBuildConfiguration section */
		9BFFAAB714DCF83200E4F74C /* Debug */ = {
			isa = XCBuildConfiguration;
			buildSettings = {
				ALWAYS_SEARCH_USER_PATHS = NO;
				ARCHS = "$(ARCHS_STANDARD_32_BIT)";
				CODE_SIGN_IDENTITY = "iPhone Developer: Lee Irvine (6XQP664BDL)";
				"CODE_SIGN_IDENTITY[sdk=iphoneos*]" = "iPhone Developer: Lee Irvine (6XQP664BDL)";
				COPY_PHASE_STRIP = NO;
				GCC_C_LANGUAGE_STANDARD = gnu99;
				GCC_DYNAMIC_NO_PIC = NO;
				GCC_OPTIMIZATION_LEVEL = 0;
				GCC_PREPROCESSOR_DEFINITIONS = (
					"DEBUG=1",
					"$(inherited)",
				);
				GCC_SYMBOLS_PRIVATE_EXTERN = NO;
				GCC_VERSION = com.apple.compilers.llvm.clang.1_0;
				GCC_WARN_ABOUT_MISSING_PROTOTYPES = YES;
				GCC_WARN_ABOUT_RETURN_TYPE = YES;
				GCC_WARN_UNUSED_VARIABLE = YES;
				IPHONEOS_DEPLOYMENT_TARGET = 5.0;
				PROVISIONING_PROFILE = "8A7931F1-E5A8-4667-9050-C438D6C70F5A";
				"PROVISIONING_PROFILE[sdk=iphoneos*]" = "8A7931F1-E5A8-4667-9050-C438D6C70F5A";
				SDKROOT = iphoneos;
				TARGETED_DEVICE_FAMILY = "1,2";
			};
			name = Debug;
		};
		9BFFAAB814DCF83200E4F74C /* Release */ = {
			isa = XCBuildConfiguration;
			buildSettings = {
				ALWAYS_SEARCH_USER_PATHS = NO;
				ARCHS = "$(ARCHS_STANDARD_32_BIT)";
				CODE_SIGN_IDENTITY = "iPhone Distribution: Kesbamera Irvine";
				"CODE_SIGN_IDENTITY[sdk=iphoneos*]" = "iPhone Distribution: Kesbamera Irvine";
				COPY_PHASE_STRIP = YES;
				GCC_C_LANGUAGE_STANDARD = gnu99;
				GCC_VERSION = com.apple.compilers.llvm.clang.1_0;
				GCC_WARN_ABOUT_MISSING_PROTOTYPES = YES;
				GCC_WARN_ABOUT_RETURN_TYPE = YES;
				GCC_WARN_UNUSED_VARIABLE = YES;
				IPHONEOS_DEPLOYMENT_TARGET = 5.0;
				OTHER_CFLAGS = "-DNS_BLOCK_ASSERTIONS=1";
				PROVISIONING_PROFILE = "E400DE5D-E1B5-4459-B1C6-0D1434C565E6";
				"PROVISIONING_PROFILE[sdk=iphoneos*]" = "E400DE5D-E1B5-4459-B1C6-0D1434C565E6";
				SDKROOT = iphoneos;
				TARGETED_DEVICE_FAMILY = "1,2";
				VALIDATE_PRODUCT = YES;
			};
			name = Release;
		};
		9BFFAABA14DCF83200E4F74C /* Debug */ = {
			isa = XCBuildConfiguration;
			buildSettings = {
				CODE_SIGN_IDENTITY = "iPhone Developer: Lee Irvine (6XQP664BDL)";
				"CODE_SIGN_IDENTITY[sdk=iphoneos*]" = "iPhone Developer: Lee Irvine (6XQP664BDL)";
				FRAMEWORK_SEARCH_PATHS = (
					"$(inherited)",
					"\"$(SRCROOT)\"",
				);
				GCC_PRECOMPILE_PREFIX_HEADER = YES;
				GCC_PREFIX_HEADER = "RecipeKing/RecipeKing-Prefix.pch";
				INFOPLIST_FILE = "RecipeKing/RecipeKing-Info.plist";
				IPHONEOS_DEPLOYMENT_TARGET = 5.0;
				LIBRARY_SEARCH_PATHS = (
					"$(inherited)",
					"\"$(SRCROOT)/Library\"",
				);
				PRODUCT_NAME = "$(TARGET_NAME)";
				PROVISIONING_PROFILE = "F4EFBBC4-0975-4257-9A08-E4F673E1CCEE";
				"PROVISIONING_PROFILE[sdk=iphoneos*]" = "F4EFBBC4-0975-4257-9A08-E4F673E1CCEE";
				TARGETED_DEVICE_FAMILY = 1;
				WRAPPER_EXTENSION = app;
			};
			name = Debug;
		};
		9BFFAABB14DCF83200E4F74C /* Release */ = {
			isa = XCBuildConfiguration;
			buildSettings = {
				CODE_SIGN_IDENTITY = "iPhone Distribution: Kesbamera Irvine";
				"CODE_SIGN_IDENTITY[sdk=iphoneos*]" = "iPhone Distribution: Kesbamera Irvine";
				FRAMEWORK_SEARCH_PATHS = (
					"$(inherited)",
					"\"$(SRCROOT)\"",
				);
				GCC_PRECOMPILE_PREFIX_HEADER = YES;
				GCC_PREFIX_HEADER = "RecipeKing/RecipeKing-Prefix.pch";
				INFOPLIST_FILE = "RecipeKing/RecipeKing-Info.plist";
				IPHONEOS_DEPLOYMENT_TARGET = 5.0;
				LIBRARY_SEARCH_PATHS = (
					"$(inherited)",
					"\"$(SRCROOT)/Library\"",
				);
				PRODUCT_NAME = "$(TARGET_NAME)";
				PROVISIONING_PROFILE = "E400DE5D-E1B5-4459-B1C6-0D1434C565E6";
				"PROVISIONING_PROFILE[sdk=iphoneos*]" = "E400DE5D-E1B5-4459-B1C6-0D1434C565E6";
				TARGETED_DEVICE_FAMILY = 1;
				WRAPPER_EXTENSION = app;
			};
			name = Release;
		};
		9BFFAABD14DCF83200E4F74C /* Debug */ = {
			isa = XCBuildConfiguration;
			buildSettings = {
				BUNDLE_LOADER = "$(BUILT_PRODUCTS_DIR)/RecipeKing.app/RecipeKing";
				FRAMEWORK_SEARCH_PATHS = (
					"$(SDKROOT)/Developer/Library/Frameworks",
					"$(DEVELOPER_LIBRARY_DIR)/Frameworks",
				);
				GCC_PRECOMPILE_PREFIX_HEADER = YES;
				GCC_PREFIX_HEADER = "RecipeKing/RecipeKing-Prefix.pch";
				HEADER_SEARCH_PATHS = "\"$(SRCROOT)/Library\"/**";
				INFOPLIST_FILE = "RecipeKingTests/RecipeKingTests-Info.plist";
				LIBRARY_SEARCH_PATHS = (
					"$(inherited)",
					"\"$(SRCROOT)/Library\"",
				);
				OTHER_LDFLAGS = (
					"-force_load",
					"\"$(SRCROOT)/Library/libOCMock.a\"",
				);
				PRODUCT_NAME = "$(TARGET_NAME)";
				TEST_HOST = "$(BUNDLE_LOADER)";
				WRAPPER_EXTENSION = octest;
			};
			name = Debug;
		};
		9BFFAABE14DCF83200E4F74C /* Release */ = {
			isa = XCBuildConfiguration;
			buildSettings = {
				BUNDLE_LOADER = "$(BUILT_PRODUCTS_DIR)/RecipeKing.app/RecipeKing";
				FRAMEWORK_SEARCH_PATHS = (
					"$(SDKROOT)/Developer/Library/Frameworks",
					"$(DEVELOPER_LIBRARY_DIR)/Frameworks",
				);
				GCC_PRECOMPILE_PREFIX_HEADER = YES;
				GCC_PREFIX_HEADER = "RecipeKing/RecipeKing-Prefix.pch";
				HEADER_SEARCH_PATHS = "\"$(SRCROOT)/Library\"/**";
				INFOPLIST_FILE = "RecipeKingTests/RecipeKingTests-Info.plist";
				LIBRARY_SEARCH_PATHS = (
					"$(inherited)",
					"\"$(SRCROOT)/Library\"",
				);
				OTHER_LDFLAGS = (
					"-force_load",
					"\"$(SRCROOT)/Library/libOCMock.a\"",
				);
				PRODUCT_NAME = "$(TARGET_NAME)";
				TEST_HOST = "$(BUNDLE_LOADER)";
				WRAPPER_EXTENSION = octest;
			};
			name = Release;
		};
/* End XCBuildConfiguration section */

/* Begin XCConfigurationList section */
		9BFFAA8614DCF83100E4F74C /* Build configuration list for PBXProject "RecipeKing" */ = {
			isa = XCConfigurationList;
			buildConfigurations = (
				9BFFAAB714DCF83200E4F74C /* Debug */,
				9BFFAAB814DCF83200E4F74C /* Release */,
			);
			defaultConfigurationIsVisible = 0;
			defaultConfigurationName = Release;
		};
		9BFFAAB914DCF83200E4F74C /* Build configuration list for PBXNativeTarget "RecipeKing" */ = {
			isa = XCConfigurationList;
			buildConfigurations = (
				9BFFAABA14DCF83200E4F74C /* Debug */,
				9BFFAABB14DCF83200E4F74C /* Release */,
			);
			defaultConfigurationIsVisible = 0;
			defaultConfigurationName = Release;
		};
		9BFFAABC14DCF83200E4F74C /* Build configuration list for PBXNativeTarget "RecipeKingTests" */ = {
			isa = XCConfigurationList;
			buildConfigurations = (
				9BFFAABD14DCF83200E4F74C /* Debug */,
				9BFFAABE14DCF83200E4F74C /* Release */,
			);
			defaultConfigurationIsVisible = 0;
			defaultConfigurationName = Release;
		};
/* End XCConfigurationList section */
	};
	rootObject = 9BFFAA8314DCF83100E4F74C /* Project object */;
}
